
Microsoft Visual Studio Solution File, Format Version 12.00
# Visual Studio 14
VisualStudioVersion = 14.0.24720.0
MinimumVisualStudioVersion = 10.0.40219.1
Project("{8BC9CEB8-8B4A-11D0-8D11-00A0C91BC942}") = "CozyThunder.Core", "..\src\Practice\CozyThunder.Core\CozyThunder.Core.vcxproj", "{066C3CC7-FA42-40F9-8FBB-A05FFD0CFE66}"
EndProject
Project("{8BC9CEB8-8B4A-11D0-8D11-00A0C91BC942}") = "CozyThunderTester", "..\src\Practice\CozyThunderTester\CozyThunderTester.vcxproj", "{38443498-FCC3-47F3-A8CA-389E5B53C8C6}"
EndProject
Project("{FAE04EC0-301F-11D3-BF4B-00C04F79EFBC}") = "CozyThunder.Botnet", "..\src\Practice\CozyThunder.Botnet\CozyThunder.Botnet.csproj", "{233F2233-F10F-43F6-BEE8-F8207A69BB04}"
EndProject
Project("{FAE04EC0-301F-11D3-BF4B-00C04F79EFBC}") = "CozyThunder.Botnet.Tester", "..\src\Practice\CozyThunder.Botnet.Tester\CozyThunder.Botnet.Tester.csproj", "{AF9D3B2D-F641-4EE4-A713-603B93628398}"
EndProject
Project("{FAE04EC0-301F-11D3-BF4B-00C04F79EFBC}") = "CozyThunder.Botnet.MasterGui", "..\src\Practice\CozyThunder.Botnet.MasterGui\CozyThunder.Botnet.MasterGui.csproj", "{143DC6FC-CE2F-4818-8D26-06F71A24EA2A}"
EndProject
Project("{2150E333-8FDC-42A3-9474-1A3956D46DE8}") = "Experiment", "Experiment", "{949416A8-877D-4C24-81F6-DDBF8D804C92}"
EndProject
Project("{FAE04EC0-301F-11D3-BF4B-00C04F79EFBC}") = "CozyThunder.Protocol", "..\src\Practice\CozyThunder.Protocol\CozyThunder.Protocol.csproj", "{5494A100-2B93-4683-A1F1-31BCF2671C08}"
EndProject
Project("{FAE04EC0-301F-11D3-BF4B-00C04F79EFBC}") = "CozyThunder.Protocol.Tester", "..\src\Practice\CozyThunder.Protocol.Tester\CozyThunder.Protocol.Tester.csproj", "{2CAB1507-C547-410B-9028-2E5F40684D95}"
EndProject
Project("{FAE04EC0-301F-11D3-BF4B-00C04F79EFBC}") = "CozyThunder.Client", "..\src\Practice\CozyThunder.Client\CozyThunder.Client.csproj", "{EF5E34B0-2F1C-4EBF-8AD1-4E7EB291284F}"
EndProject
Project("{FAE04EC0-301F-11D3-BF4B-00C04F79EFBC}") = "MMS.UI", "..\src\Public\MMS.UI\MMS.UI.csproj", "{B461142D-ED6D-4A55-A3D5-612D6E58EEA5}"
EndProject
Project("{FAE04EC0-301F-11D3-BF4B-00C04F79EFBC}") = "Common.Logger", "..\src\Public\Common.Logger\Common.Logger.csproj", "{C2C92005-3ADC-49E2-85A2-8BD031190485}"
EndProject
Project("{FAE04EC0-301F-11D3-BF4B-00C04F79EFBC}") = "CozyThunder.HttpDownload", "..\src\Practice\CozyThunder.HttpDownload\CozyThunder.HttpDownload.csproj", "{C8DBB6CF-A562-403C-AE95-6974F65E9043}"
EndProject
Project("{FAE04EC0-301F-11D3-BF4B-00C04F79EFBC}") = "CozyThunder.HttpDownload.Tester", "..\src\Practice\CozyThunder.HttpDownload.Tester\CozyThunder.HttpDownload.Tester.csproj", "{13C5E0E9-1323-458A-98EB-9E77FBEE32A5}"
EndProject
Project("{FAE04EC0-301F-11D3-BF4B-00C04F79EFBC}") = "CozyThunder.Schedule", "..\src\Practice\CozyThunder.Schedule\CozyThunder.Schedule.csproj", "{62146934-2F44-4507-A351-CCB816D12A57}"
EndProject
Project("{2150E333-8FDC-42A3-9474-1A3956D46DE8}") = "Deprecated", "Deprecated", "{BAD5DB9E-DA6A-4981-8431-45BC4123A5F2}"
EndProject
Project("{FAE04EC0-301F-11D3-BF4B-00C04F79EFBC}") = "CozyThunder.Schedule.Tester", "..\src\Practice\CozyThunder.Schedule.Tester\CozyThunder.Schedule.Tester.csproj", "{A482B9EE-90C3-4ACF-B927-7689E79EE064}"
EndProject
Project("{FAE04EC0-301F-11D3-BF4B-00C04F79EFBC}") = "CozyThunder.DistributedDownload.MasterTester", "..\src\Practice\CozyThunder.DistributedDownload.MasterTester\CozyThunder.DistributedDownload.MasterTester.csproj", "{6DF08A02-0B87-4402-97D4-7987002F0BE1}"
EndProject
Project("{FAE04EC0-301F-11D3-BF4B-00C04F79EFBC}") = "CozyThunder.DistributedDownload.SlaveTester", "..\src\Practice\CozyThunder.DistributedDownload.SlaveTester\CozyThunder.DistributedDownload.SlaveTester.csproj", "{3B1270B7-B356-4F14-A5EA-4073898AFBB7}"
EndProject
Project("{2150E333-8FDC-42A3-9474-1A3956D46DE8}") = "Public", "Public", "{A809D9B3-978F-42E8-837F-F828B68555B4}"
EndProject
Project("{2150E333-8FDC-42A3-9474-1A3956D46DE8}") = "Core", "Core", "{43EEA38D-F90D-41CD-B4FD-C0DFEBE5D95B}"
EndProject
Project("{2150E333-8FDC-42A3-9474-1A3956D46DE8}") = "Gui", "Gui", "{ED614640-CC46-4B3E-809D-FC30FE3EDFC7}"
EndProject
Project("{FAE04EC0-301F-11D3-BF4B-00C04F79EFBC}") = "CozyThunder.DistributedDownload.SlaveGui", "..\src\Practice\CozyThunder.DistributedDownload.SlaveGui\CozyThunder.DistributedDownload.SlaveGui.csproj", "{3193A1D7-6E19-4E74-9595-E157DF375171}"
EndProject
Project("{FAE04EC0-301F-11D3-BF4B-00C04F79EFBC}") = "CozyThunder.DistributedDownload.MasterGui", "..\src\Practice\CozyThunder.DistributedDownload.MasterGui\CozyThunder.DistributedDownload.MasterGui.csproj", "{30761F9E-0907-476C-ABD1-401744E288F1}"
EndProject
Global
	GlobalSection(SolutionConfigurationPlatforms) = preSolution
		Debug|Any CPU = Debug|Any CPU
		Debug|Mixed Platforms = Debug|Mixed Platforms
		Debug|x64 = Debug|x64
		Debug|x86 = Debug|x86
		Release|Any CPU = Release|Any CPU
		Release|Mixed Platforms = Release|Mixed Platforms
		Release|x64 = Release|x64
		Release|x86 = Release|x86
	EndGlobalSection
	GlobalSection(ProjectConfigurationPlatforms) = postSolution
		{066C3CC7-FA42-40F9-8FBB-A05FFD0CFE66}.Debug|Any CPU.ActiveCfg = Debug|Win32
		{066C3CC7-FA42-40F9-8FBB-A05FFD0CFE66}.Debug|Any CPU.Build.0 = Debug|Win32
		{066C3CC7-FA42-40F9-8FBB-A05FFD0CFE66}.Debug|Mixed Platforms.ActiveCfg = Debug|Win32
		{066C3CC7-FA42-40F9-8FBB-A05FFD0CFE66}.Debug|Mixed Platforms.Build.0 = Debug|Win32
		{066C3CC7-FA42-40F9-8FBB-A05FFD0CFE66}.Debug|x64.ActiveCfg = Debug|x64
		{066C3CC7-FA42-40F9-8FBB-A05FFD0CFE66}.Debug|x86.ActiveCfg = Debug|Win32
		{066C3CC7-FA42-40F9-8FBB-A05FFD0CFE66}.Debug|x86.Build.0 = Debug|Win32
		{066C3CC7-FA42-40F9-8FBB-A05FFD0CFE66}.Release|Any CPU.ActiveCfg = Release|Win32
		{066C3CC7-FA42-40F9-8FBB-A05FFD0CFE66}.Release|Mixed Platforms.ActiveCfg = Release|Win32
		{066C3CC7-FA42-40F9-8FBB-A05FFD0CFE66}.Release|Mixed Platforms.Build.0 = Release|Win32
		{066C3CC7-FA42-40F9-8FBB-A05FFD0CFE66}.Release|x64.ActiveCfg = Release|x64
		{066C3CC7-FA42-40F9-8FBB-A05FFD0CFE66}.Release|x64.Build.0 = Release|x64
		{066C3CC7-FA42-40F9-8FBB-A05FFD0CFE66}.Release|x86.ActiveCfg = Release|Win32
		{066C3CC7-FA42-40F9-8FBB-A05FFD0CFE66}.Release|x86.Build.0 = Release|Win32
		{38443498-FCC3-47F3-A8CA-389E5B53C8C6}.Debug|Any CPU.ActiveCfg = Debug|Win32
		{38443498-FCC3-47F3-A8CA-389E5B53C8C6}.Debug|Any CPU.Build.0 = Debug|Win32
		{38443498-FCC3-47F3-A8CA-389E5B53C8C6}.Debug|Mixed Platforms.ActiveCfg = Debug|Win32
		{38443498-FCC3-47F3-A8CA-389E5B53C8C6}.Debug|x64.ActiveCfg = Debug|x64
		{38443498-FCC3-47F3-A8CA-389E5B53C8C6}.Debug|x64.Build.0 = Debug|x64
		{38443498-FCC3-47F3-A8CA-389E5B53C8C6}.Debug|x86.ActiveCfg = Debug|Win32
		{38443498-FCC3-47F3-A8CA-389E5B53C8C6}.Debug|x86.Build.0 = Debug|Win32
		{38443498-FCC3-47F3-A8CA-389E5B53C8C6}.Release|Any CPU.ActiveCfg = Release|Win32
		{38443498-FCC3-47F3-A8CA-389E5B53C8C6}.Release|Mixed Platforms.ActiveCfg = Release|Win32
		{38443498-FCC3-47F3-A8CA-389E5B53C8C6}.Release|x64.ActiveCfg = Release|x64
		{38443498-FCC3-47F3-A8CA-389E5B53C8C6}.Release|x64.Build.0 = Release|x64
		{38443498-FCC3-47F3-A8CA-389E5B53C8C6}.Release|x86.ActiveCfg = Release|Win32
		{38443498-FCC3-47F3-A8CA-389E5B53C8C6}.Release|x86.Build.0 = Release|Win32
		{233F2233-F10F-43F6-BEE8-F8207A69BB04}.Debug|Any CPU.ActiveCfg = Debug|Any CPU
		{233F2233-F10F-43F6-BEE8-F8207A69BB04}.Debug|Any CPU.Build.0 = Debug|Any CPU
		{233F2233-F10F-43F6-BEE8-F8207A69BB04}.Debug|Mixed Platforms.ActiveCfg = Debug|Any CPU
		{233F2233-F10F-43F6-BEE8-F8207A69BB04}.Debug|Mixed Platforms.Build.0 = Debug|Any CPU
		{233F2233-F10F-43F6-BEE8-F8207A69BB04}.Debug|x64.ActiveCfg = Debug|Any CPU
		{233F2233-F10F-43F6-BEE8-F8207A69BB04}.Debug|x64.Build.0 = Debug|Any CPU
		{233F2233-F10F-43F6-BEE8-F8207A69BB04}.Debug|x86.ActiveCfg = Debug|Any CPU
		{233F2233-F10F-43F6-BEE8-F8207A69BB04}.Debug|x86.Build.0 = Debug|Any CPU
		{233F2233-F10F-43F6-BEE8-F8207A69BB04}.Release|Any CPU.ActiveCfg = Release|Any CPU
		{233F2233-F10F-43F6-BEE8-F8207A69BB04}.Release|Any CPU.Build.0 = Release|Any CPU
		{233F2233-F10F-43F6-BEE8-F8207A69BB04}.Release|Mixed Platforms.ActiveCfg = Release|Any CPU
		{233F2233-F10F-43F6-BEE8-F8207A69BB04}.Release|Mixed Platforms.Build.0 = Release|Any CPU
		{233F2233-F10F-43F6-BEE8-F8207A69BB04}.Release|x64.ActiveCfg = Release|Any CPU
		{233F2233-F10F-43F6-BEE8-F8207A69BB04}.Release|x64.Build.0 = Release|Any CPU
		{233F2233-F10F-43F6-BEE8-F8207A69BB04}.Release|x86.ActiveCfg = Release|Any CPU
		{233F2233-F10F-43F6-BEE8-F8207A69BB04}.Release|x86.Build.0 = Release|Any CPU
		{AF9D3B2D-F641-4EE4-A713-603B93628398}.Debug|Any CPU.ActiveCfg = Debug|Any CPU
		{AF9D3B2D-F641-4EE4-A713-603B93628398}.Debug|Any CPU.Build.0 = Debug|Any CPU
		{AF9D3B2D-F641-4EE4-A713-603B93628398}.Debug|Mixed Platforms.ActiveCfg = Debug|Any CPU
		{AF9D3B2D-F641-4EE4-A713-603B93628398}.Debug|Mixed Platforms.Build.0 = Debug|Any CPU
		{AF9D3B2D-F641-4EE4-A713-603B93628398}.Debug|x64.ActiveCfg = Debug|Any CPU
		{AF9D3B2D-F641-4EE4-A713-603B93628398}.Debug|x64.Build.0 = Debug|Any CPU
		{AF9D3B2D-F641-4EE4-A713-603B93628398}.Debug|x86.ActiveCfg = Debug|Any CPU
		{AF9D3B2D-F641-4EE4-A713-603B93628398}.Debug|x86.Build.0 = Debug|Any CPU
		{AF9D3B2D-F641-4EE4-A713-603B93628398}.Release|Any CPU.ActiveCfg = Release|Any CPU
		{AF9D3B2D-F641-4EE4-A713-603B93628398}.Release|Any CPU.Build.0 = Release|Any CPU
		{AF9D3B2D-F641-4EE4-A713-603B93628398}.Release|Mixed Platforms.ActiveCfg = Release|Any CPU
		{AF9D3B2D-F641-4EE4-A713-603B93628398}.Release|Mixed Platforms.Build.0 = Release|Any CPU
		{AF9D3B2D-F641-4EE4-A713-603B93628398}.Release|x64.ActiveCfg = Release|Any CPU
		{AF9D3B2D-F641-4EE4-A713-603B93628398}.Release|x64.Build.0 = Release|Any CPU
		{AF9D3B2D-F641-4EE4-A713-603B93628398}.Release|x86.ActiveCfg = Release|Any CPU
		{AF9D3B2D-F641-4EE4-A713-603B93628398}.Release|x86.Build.0 = Release|Any CPU
		{143DC6FC-CE2F-4818-8D26-06F71A24EA2A}.Debug|Any CPU.ActiveCfg = Debug|Any CPU
		{143DC6FC-CE2F-4818-8D26-06F71A24EA2A}.Debug|Any CPU.Build.0 = Debug|Any CPU
		{143DC6FC-CE2F-4818-8D26-06F71A24EA2A}.Debug|Mixed Platforms.ActiveCfg = Debug|Any CPU
		{143DC6FC-CE2F-4818-8D26-06F71A24EA2A}.Debug|Mixed Platforms.Build.0 = Debug|Any CPU
		{143DC6FC-CE2F-4818-8D26-06F71A24EA2A}.Debug|x64.ActiveCfg = Debug|Any CPU
		{143DC6FC-CE2F-4818-8D26-06F71A24EA2A}.Debug|x64.Build.0 = Debug|Any CPU
		{143DC6FC-CE2F-4818-8D26-06F71A24EA2A}.Debug|x86.ActiveCfg = Debug|Any CPU
		{143DC6FC-CE2F-4818-8D26-06F71A24EA2A}.Debug|x86.Build.0 = Debug|Any CPU
		{143DC6FC-CE2F-4818-8D26-06F71A24EA2A}.Release|Any CPU.ActiveCfg = Release|Any CPU
		{143DC6FC-CE2F-4818-8D26-06F71A24EA2A}.Release|Any CPU.Build.0 = Release|Any CPU
		{143DC6FC-CE2F-4818-8D26-06F71A24EA2A}.Release|Mixed Platforms.ActiveCfg = Release|Any CPU
		{143DC6FC-CE2F-4818-8D26-06F71A24EA2A}.Release|Mixed Platforms.Build.0 = Release|Any CPU
		{143DC6FC-CE2F-4818-8D26-06F71A24EA2A}.Release|x64.ActiveCfg = Release|Any CPU
		{143DC6FC-CE2F-4818-8D26-06F71A24EA2A}.Release|x64.Build.0 = Release|Any CPU
		{143DC6FC-CE2F-4818-8D26-06F71A24EA2A}.Release|x86.ActiveCfg = Release|Any CPU
		{143DC6FC-CE2F-4818-8D26-06F71A24EA2A}.Release|x86.Build.0 = Release|Any CPU
		{5494A100-2B93-4683-A1F1-31BCF2671C08}.Debug|Any CPU.ActiveCfg = Debug|Any CPU
		{5494A100-2B93-4683-A1F1-31BCF2671C08}.Debug|Any CPU.Build.0 = Debug|Any CPU
		{5494A100-2B93-4683-A1F1-31BCF2671C08}.Debug|Mixed Platforms.ActiveCfg = Debug|Any CPU
		{5494A100-2B93-4683-A1F1-31BCF2671C08}.Debug|Mixed Platforms.Build.0 = Debug|Any CPU
		{5494A100-2B93-4683-A1F1-31BCF2671C08}.Debug|x64.ActiveCfg = Debug|Any CPU
		{5494A100-2B93-4683-A1F1-31BCF2671C08}.Debug|x64.Build.0 = Debug|Any CPU
		{5494A100-2B93-4683-A1F1-31BCF2671C08}.Debug|x86.ActiveCfg = Debug|Any CPU
		{5494A100-2B93-4683-A1F1-31BCF2671C08}.Debug|x86.Build.0 = Debug|Any CPU
		{5494A100-2B93-4683-A1F1-31BCF2671C08}.Release|Any CPU.ActiveCfg = Release|Any CPU
		{5494A100-2B93-4683-A1F1-31BCF2671C08}.Release|Any CPU.Build.0 = Release|Any CPU
		{5494A100-2B93-4683-A1F1-31BCF2671C08}.Release|Mixed Platforms.ActiveCfg = Release|Any CPU
		{5494A100-2B93-4683-A1F1-31BCF2671C08}.Release|Mixed Platforms.Build.0 = Release|Any CPU
		{5494A100-2B93-4683-A1F1-31BCF2671C08}.Release|x64.ActiveCfg = Release|Any CPU
		{5494A100-2B93-4683-A1F1-31BCF2671C08}.Release|x64.Build.0 = Release|Any CPU
		{5494A100-2B93-4683-A1F1-31BCF2671C08}.Release|x86.ActiveCfg = Release|Any CPU
		{5494A100-2B93-4683-A1F1-31BCF2671C08}.Release|x86.Build.0 = Release|Any CPU
		{2CAB1507-C547-410B-9028-2E5F40684D95}.Debug|Any CPU.ActiveCfg = Debug|Any CPU
		{2CAB1507-C547-410B-9028-2E5F40684D95}.Debug|Any CPU.Build.0 = Debug|Any CPU
		{2CAB1507-C547-410B-9028-2E5F40684D95}.Debug|Mixed Platforms.ActiveCfg = Debug|Any CPU
		{2CAB1507-C547-410B-9028-2E5F40684D95}.Debug|Mixed Platforms.Build.0 = Debug|Any CPU
		{2CAB1507-C547-410B-9028-2E5F40684D95}.Debug|x64.ActiveCfg = Debug|Any CPU
		{2CAB1507-C547-410B-9028-2E5F40684D95}.Debug|x64.Build.0 = Debug|Any CPU
		{2CAB1507-C547-410B-9028-2E5F40684D95}.Debug|x86.ActiveCfg = Debug|Any CPU
		{2CAB1507-C547-410B-9028-2E5F40684D95}.Debug|x86.Build.0 = Debug|Any CPU
		{2CAB1507-C547-410B-9028-2E5F40684D95}.Release|Any CPU.ActiveCfg = Release|Any CPU
		{2CAB1507-C547-410B-9028-2E5F40684D95}.Release|Any CPU.Build.0 = Release|Any CPU
		{2CAB1507-C547-410B-9028-2E5F40684D95}.Release|Mixed Platforms.ActiveCfg = Release|Any CPU
		{2CAB1507-C547-410B-9028-2E5F40684D95}.Release|Mixed Platforms.Build.0 = Release|Any CPU
		{2CAB1507-C547-410B-9028-2E5F40684D95}.Release|x64.ActiveCfg = Release|Any CPU
		{2CAB1507-C547-410B-9028-2E5F40684D95}.Release|x64.Build.0 = Release|Any CPU
		{2CAB1507-C547-410B-9028-2E5F40684D95}.Release|x86.ActiveCfg = Release|Any CPU
		{2CAB1507-C547-410B-9028-2E5F40684D95}.Release|x86.Build.0 = Release|Any CPU
		{EF5E34B0-2F1C-4EBF-8AD1-4E7EB291284F}.Debug|Any CPU.ActiveCfg = Debug|Any CPU
		{EF5E34B0-2F1C-4EBF-8AD1-4E7EB291284F}.Debug|Any CPU.Build.0 = Debug|Any CPU
		{EF5E34B0-2F1C-4EBF-8AD1-4E7EB291284F}.Debug|Mixed Platforms.ActiveCfg = Debug|Any CPU
		{EF5E34B0-2F1C-4EBF-8AD1-4E7EB291284F}.Debug|Mixed Platforms.Build.0 = Debug|Any CPU
		{EF5E34B0-2F1C-4EBF-8AD1-4E7EB291284F}.Debug|x64.ActiveCfg = Debug|Any CPU
		{EF5E34B0-2F1C-4EBF-8AD1-4E7EB291284F}.Debug|x86.ActiveCfg = Debug|Any CPU
		{EF5E34B0-2F1C-4EBF-8AD1-4E7EB291284F}.Release|Any CPU.ActiveCfg = Release|Any CPU
		{EF5E34B0-2F1C-4EBF-8AD1-4E7EB291284F}.Release|Any CPU.Build.0 = Release|Any CPU
		{EF5E34B0-2F1C-4EBF-8AD1-4E7EB291284F}.Release|Mixed Platforms.ActiveCfg = Release|Any CPU
		{EF5E34B0-2F1C-4EBF-8AD1-4E7EB291284F}.Release|Mixed Platforms.Build.0 = Release|Any CPU
		{EF5E34B0-2F1C-4EBF-8AD1-4E7EB291284F}.Release|x64.ActiveCfg = Release|Any CPU
		{EF5E34B0-2F1C-4EBF-8AD1-4E7EB291284F}.Release|x86.ActiveCfg = Release|Any CPU
		{B461142D-ED6D-4A55-A3D5-612D6E58EEA5}.Debug|Any CPU.ActiveCfg = Debug|Any CPU
		{B461142D-ED6D-4A55-A3D5-612D6E58EEA5}.Debug|Any CPU.Build.0 = Debug|Any CPU
		{B461142D-ED6D-4A55-A3D5-612D6E58EEA5}.Debug|Mixed Platforms.ActiveCfg = Debug|Any CPU
		{B461142D-ED6D-4A55-A3D5-612D6E58EEA5}.Debug|Mixed Platforms.Build.0 = Debug|Any CPU
		{B461142D-ED6D-4A55-A3D5-612D6E58EEA5}.Debug|x64.ActiveCfg = Debug|x64
		{B461142D-ED6D-4A55-A3D5-612D6E58EEA5}.Debug|x64.Build.0 = Debug|x64
		{B461142D-ED6D-4A55-A3D5-612D6E58EEA5}.Debug|x86.ActiveCfg = Debug|Any CPU
		{B461142D-ED6D-4A55-A3D5-612D6E58EEA5}.Release|Any CPU.ActiveCfg = Release|Any CPU
		{B461142D-ED6D-4A55-A3D5-612D6E58EEA5}.Release|Any CPU.Build.0 = Release|Any CPU
		{B461142D-ED6D-4A55-A3D5-612D6E58EEA5}.Release|Mixed Platforms.ActiveCfg = Release|Any CPU
		{B461142D-ED6D-4A55-A3D5-612D6E58EEA5}.Release|Mixed Platforms.Build.0 = Release|Any CPU
		{B461142D-ED6D-4A55-A3D5-612D6E58EEA5}.Release|x64.ActiveCfg = Release|x64
		{B461142D-ED6D-4A55-A3D5-612D6E58EEA5}.Release|x64.Build.0 = Release|x64
		{B461142D-ED6D-4A55-A3D5-612D6E58EEA5}.Release|x86.ActiveCfg = Release|Any CPU
		{C2C92005-3ADC-49E2-85A2-8BD031190485}.Debug|Any CPU.ActiveCfg = Debug|Any CPU
		{C2C92005-3ADC-49E2-85A2-8BD031190485}.Debug|Any CPU.Build.0 = Debug|Any CPU
		{C2C92005-3ADC-49E2-85A2-8BD031190485}.Debug|Mixed Platforms.ActiveCfg = Debug|Any CPU
		{C2C92005-3ADC-49E2-85A2-8BD031190485}.Debug|Mixed Platforms.Build.0 = Debug|Any CPU
		{C2C92005-3ADC-49E2-85A2-8BD031190485}.Debug|x64.ActiveCfg = Debug|x64
		{C2C92005-3ADC-49E2-85A2-8BD031190485}.Debug|x64.Build.0 = Debug|x64
		{C2C92005-3ADC-49E2-85A2-8BD031190485}.Debug|x86.ActiveCfg = Debug|Any CPU
		{C2C92005-3ADC-49E2-85A2-8BD031190485}.Release|Any CPU.ActiveCfg = Release|Any CPU
		{C2C92005-3ADC-49E2-85A2-8BD031190485}.Release|Any CPU.Build.0 = Release|Any CPU
		{C2C92005-3ADC-49E2-85A2-8BD031190485}.Release|Mixed Platforms.ActiveCfg = Release|Any CPU
		{C2C92005-3ADC-49E2-85A2-8BD031190485}.Release|Mixed Platforms.Build.0 = Release|Any CPU
		{C2C92005-3ADC-49E2-85A2-8BD031190485}.Release|x64.ActiveCfg = Release|x64
		{C2C92005-3ADC-49E2-85A2-8BD031190485}.Release|x64.Build.0 = Release|x64
		{C2C92005-3ADC-49E2-85A2-8BD031190485}.Release|x86.ActiveCfg = Release|Any CPU
		{C8DBB6CF-A562-403C-AE95-6974F65E9043}.Debug|Any CPU.ActiveCfg = Debug|Any CPU
		{C8DBB6CF-A562-403C-AE95-6974F65E9043}.Debug|Any CPU.Build.0 = Debug|Any CPU
		{C8DBB6CF-A562-403C-AE95-6974F65E9043}.Debug|Mixed Platforms.ActiveCfg = Debug|Any CPU
		{C8DBB6CF-A562-403C-AE95-6974F65E9043}.Debug|x64.ActiveCfg = Debug|Any CPU
		{C8DBB6CF-A562-403C-AE95-6974F65E9043}.Debug|x64.Build.0 = Debug|Any CPU
		{C8DBB6CF-A562-403C-AE95-6974F65E9043}.Debug|x86.ActiveCfg = Debug|Any CPU
		{C8DBB6CF-A562-403C-AE95-6974F65E9043}.Debug|x86.Build.0 = Debug|Any CPU
		{C8DBB6CF-A562-403C-AE95-6974F65E9043}.Release|Any CPU.ActiveCfg = Release|Any CPU
		{C8DBB6CF-A562-403C-AE95-6974F65E9043}.Release|Any CPU.Build.0 = Release|Any CPU
		{C8DBB6CF-A562-403C-AE95-6974F65E9043}.Release|Mixed Platforms.ActiveCfg = Release|Any CPU
		{C8DBB6CF-A562-403C-AE95-6974F65E9043}.Release|x64.ActiveCfg = Release|Any CPU
		{C8DBB6CF-A562-403C-AE95-6974F65E9043}.Release|x64.Build.0 = Release|Any CPU
		{C8DBB6CF-A562-403C-AE95-6974F65E9043}.Release|x86.ActiveCfg = Release|Any CPU
		{C8DBB6CF-A562-403C-AE95-6974F65E9043}.Release|x86.Build.0 = Release|Any CPU
		{13C5E0E9-1323-458A-98EB-9E77FBEE32A5}.Debug|Any CPU.ActiveCfg = Debug|Any CPU
		{13C5E0E9-1323-458A-98EB-9E77FBEE32A5}.Debug|Any CPU.Build.0 = Debug|Any CPU
		{13C5E0E9-1323-458A-98EB-9E77FBEE32A5}.Debug|Mixed Platforms.ActiveCfg = Debug|Any CPU
		{13C5E0E9-1323-458A-98EB-9E77FBEE32A5}.Debug|x64.ActiveCfg = Debug|Any CPU
		{13C5E0E9-1323-458A-98EB-9E77FBEE32A5}.Debug|x64.Build.0 = Debug|Any CPU
		{13C5E0E9-1323-458A-98EB-9E77FBEE32A5}.Debug|x86.ActiveCfg = Debug|Any CPU
		{13C5E0E9-1323-458A-98EB-9E77FBEE32A5}.Debug|x86.Build.0 = Debug|Any CPU
		{13C5E0E9-1323-458A-98EB-9E77FBEE32A5}.Release|Any CPU.ActiveCfg = Release|Any CPU
		{13C5E0E9-1323-458A-98EB-9E77FBEE32A5}.Release|Any CPU.Build.0 = Release|Any CPU
		{13C5E0E9-1323-458A-98EB-9E77FBEE32A5}.Release|Mixed Platforms.ActiveCfg = Release|Any CPU
		{13C5E0E9-1323-458A-98EB-9E77FBEE32A5}.Release|x64.ActiveCfg = Release|Any CPU
		{13C5E0E9-1323-458A-98EB-9E77FBEE32A5}.Release|x64.Build.0 = Release|Any CPU
		{13C5E0E9-1323-458A-98EB-9E77FBEE32A5}.Release|x86.ActiveCfg = Release|Any CPU
		{13C5E0E9-1323-458A-98EB-9E77FBEE32A5}.Release|x86.Build.0 = Release|Any CPU
		{62146934-2F44-4507-A351-CCB816D12A57}.Debug|Any CPU.ActiveCfg = Debug|Any CPU
		{62146934-2F44-4507-A351-CCB816D12A57}.Debug|Any CPU.Build.0 = Debug|Any CPU
		{62146934-2F44-4507-A351-CCB816D12A57}.Debug|Mixed Platforms.ActiveCfg = Debug|Any CPU
		{62146934-2F44-4507-A351-CCB816D12A57}.Debug|x64.ActiveCfg = Debug|Any CPU
		{62146934-2F44-4507-A351-CCB816D12A57}.Debug|x64.Build.0 = Debug|Any CPU
		{62146934-2F44-4507-A351-CCB816D12A57}.Debug|x86.ActiveCfg = Debug|Any CPU
		{62146934-2F44-4507-A351-CCB816D12A57}.Debug|x86.Build.0 = Debug|Any CPU
		{62146934-2F44-4507-A351-CCB816D12A57}.Release|Any CPU.ActiveCfg = Release|Any CPU
		{62146934-2F44-4507-A351-CCB816D12A57}.Release|Any CPU.Build.0 = Release|Any CPU
		{62146934-2F44-4507-A351-CCB816D12A57}.Release|Mixed Platforms.ActiveCfg = Release|Any CPU
		{62146934-2F44-4507-A351-CCB816D12A57}.Release|x64.ActiveCfg = Release|Any CPU
		{62146934-2F44-4507-A351-CCB816D12A57}.Release|x64.Build.0 = Release|Any CPU
		{62146934-2F44-4507-A351-CCB816D12A57}.Release|x86.ActiveCfg = Release|Any CPU
		{62146934-2F44-4507-A351-CCB816D12A57}.Release|x86.Build.0 = Release|Any CPU
		{A482B9EE-90C3-4ACF-B927-7689E79EE064}.Debug|Any CPU.ActiveCfg = Debug|Any CPU
		{A482B9EE-90C3-4ACF-B927-7689E79EE064}.Debug|Any CPU.Build.0 = Debug|Any CPU
		{A482B9EE-90C3-4ACF-B927-7689E79EE064}.Debug|Mixed Platforms.ActiveCfg = Debug|Any CPU
		{A482B9EE-90C3-4ACF-B927-7689E79EE064}.Debug|Mixed Platforms.Build.0 = Debug|Any CPU
		{A482B9EE-90C3-4ACF-B927-7689E79EE064}.Debug|x64.ActiveCfg = Debug|Any CPU
		{A482B9EE-90C3-4ACF-B927-7689E79EE064}.Debug|x64.Build.0 = Debug|Any CPU
		{A482B9EE-90C3-4ACF-B927-7689E79EE064}.Debug|x86.ActiveCfg = Debug|Any CPU
		{A482B9EE-90C3-4ACF-B927-7689E79EE064}.Debug|x86.Build.0 = Debug|Any CPU
		{A482B9EE-90C3-4ACF-B927-7689E79EE064}.Release|Any CPU.ActiveCfg = Release|Any CPU
		{A482B9EE-90C3-4ACF-B927-7689E79EE064}.Release|Any CPU.Build.0 = Release|Any CPU
		{A482B9EE-90C3-4ACF-B927-7689E79EE064}.Release|Mixed Platforms.ActiveCfg = Release|Any CPU
		{A482B9EE-90C3-4ACF-B927-7689E79EE064}.Release|Mixed Platforms.Build.0 = Release|Any CPU
		{A482B9EE-90C3-4ACF-B927-7689E79EE064}.Release|x64.ActiveCfg = Release|Any CPU
		{A482B9EE-90C3-4ACF-B927-7689E79EE064}.Release|x64.Build.0 = Release|Any CPU
		{A482B9EE-90C3-4ACF-B927-7689E79EE064}.Release|x86.ActiveCfg = Release|Any CPU
		{A482B9EE-90C3-4ACF-B927-7689E79EE064}.Release|x86.Build.0 = Release|Any CPU
		{6DF08A02-0B87-4402-97D4-7987002F0BE1}.Debug|Any CPU.ActiveCfg = Debug|Any CPU
		{6DF08A02-0B87-4402-97D4-7987002F0BE1}.Debug|Any CPU.Build.0 = Debug|Any CPU
		{6DF08A02-0B87-4402-97D4-7987002F0BE1}.Debug|Mixed Platforms.ActiveCfg = Debug|Any CPU
		{6DF08A02-0B87-4402-97D4-7987002F0BE1}.Debug|Mixed Platforms.Build.0 = Debug|Any CPU
		{6DF08A02-0B87-4402-97D4-7987002F0BE1}.Debug|x64.ActiveCfg = Debug|Any CPU
		{6DF08A02-0B87-4402-97D4-7987002F0BE1}.Debug|x64.Build.0 = Debug|Any CPU
		{6DF08A02-0B87-4402-97D4-7987002F0BE1}.Debug|x86.ActiveCfg = Debug|Any CPU
		{6DF08A02-0B87-4402-97D4-7987002F0BE1}.Debug|x86.Build.0 = Debug|Any CPU
		{6DF08A02-0B87-4402-97D4-7987002F0BE1}.Release|Any CPU.ActiveCfg = Release|Any CPU
		{6DF08A02-0B87-4402-97D4-7987002F0BE1}.Release|Any CPU.Build.0 = Release|Any CPU
		{6DF08A02-0B87-4402-97D4-7987002F0BE1}.Release|Mixed Platforms.ActiveCfg = Release|Any CPU
		{6DF08A02-0B87-4402-97D4-7987002F0BE1}.Release|Mixed Platforms.Build.0 = Release|Any CPU
		{6DF08A02-0B87-4402-97D4-7987002F0BE1}.Release|x64.ActiveCfg = Release|Any CPU
		{6DF08A02-0B87-4402-97D4-7987002F0BE1}.Release|x64.Build.0 = Release|Any CPU
		{6DF08A02-0B87-4402-97D4-7987002F0BE1}.Release|x86.ActiveCfg = Release|Any CPU
		{6DF08A02-0B87-4402-97D4-7987002F0BE1}.Release|x86.Build.0 = Release|Any CPU
		{3B1270B7-B356-4F14-A5EA-4073898AFBB7}.Debug|Any CPU.ActiveCfg = Debug|Any CPU
		{3B1270B7-B356-4F14-A5EA-4073898AFBB7}.Debug|Any CPU.Build.0 = Debug|Any CPU
		{3B1270B7-B356-4F14-A5EA-4073898AFBB7}.Debug|Mixed Platforms.ActiveCfg = Debug|Any CPU
		{3B1270B7-B356-4F14-A5EA-4073898AFBB7}.Debug|Mixed Platforms.Build.0 = Debug|Any CPU
		{3B1270B7-B356-4F14-A5EA-4073898AFBB7}.Debug|x64.ActiveCfg = Debug|Any CPU
		{3B1270B7-B356-4F14-A5EA-4073898AFBB7}.Debug|x64.Build.0 = Debug|Any CPU
		{3B1270B7-B356-4F14-A5EA-4073898AFBB7}.Debug|x86.ActiveCfg = Debug|Any CPU
		{3B1270B7-B356-4F14-A5EA-4073898AFBB7}.Debug|x86.Build.0 = Debug|Any CPU
		{3B1270B7-B356-4F14-A5EA-4073898AFBB7}.Release|Any CPU.ActiveCfg = Release|Any CPU
		{3B1270B7-B356-4F14-A5EA-4073898AFBB7}.Release|Any CPU.Build.0 = Release|Any CPU
		{3B1270B7-B356-4F14-A5EA-4073898AFBB7}.Release|Mixed Platforms.ActiveCfg = Release|Any CPU
		{3B1270B7-B356-4F14-A5EA-4073898AFBB7}.Release|Mixed Platforms.Build.0 = Release|Any CPU
		{3B1270B7-B356-4F14-A5EA-4073898AFBB7}.Release|x64.ActiveCfg = Release|Any CPU
		{3B1270B7-B356-4F14-A5EA-4073898AFBB7}.Release|x64.Build.0 = Release|Any CPU
		{3B1270B7-B356-4F14-A5EA-4073898AFBB7}.Release|x86.ActiveCfg = Release|Any CPU
		{3B1270B7-B356-4F14-A5EA-4073898AFBB7}.Release|x86.Build.0 = Release|Any CPU
		{3193A1D7-6E19-4E74-9595-E157DF375171}.Debug|Any CPU.ActiveCfg = Debug|Any CPU
		{3193A1D7-6E19-4E74-9595-E157DF375171}.Debug|Any CPU.Build.0 = Debug|Any CPU
		{3193A1D7-6E19-4E74-9595-E157DF375171}.Debug|Mixed Platforms.ActiveCfg = Debug|Any CPU
		{3193A1D7-6E19-4E74-9595-E157DF375171}.Debug|Mixed Platforms.Build.0 = Debug|Any CPU
		{3193A1D7-6E19-4E74-9595-E157DF375171}.Debug|x64.ActiveCfg = Debug|Any CPU
		{3193A1D7-6E19-4E74-9595-E157DF375171}.Debug|x64.Build.0 = Debug|Any CPU
		{3193A1D7-6E19-4E74-9595-E157DF375171}.Debug|x86.ActiveCfg = Debug|Any CPU
		{3193A1D7-6E19-4E74-9595-E157DF375171}.Debug|x86.Build.0 = Debug|Any CPU
		{3193A1D7-6E19-4E74-9595-E157DF375171}.Release|Any CPU.ActiveCfg = Release|Any CPU
		{3193A1D7-6E19-4E74-9595-E157DF375171}.Release|Any CPU.Build.0 = Release|Any CPU
		{3193A1D7-6E19-4E74-9595-E157DF375171}.Release|Mixed Platforms.ActiveCfg = Release|Any CPU
		{3193A1D7-6E19-4E74-9595-E157DF375171}.Release|Mixed Platforms.Build.0 = Release|Any CPU
		{3193A1D7-6E19-4E74-9595-E157DF375171}.Release|x64.ActiveCfg = Release|Any CPU
		{3193A1D7-6E19-4E74-9595-E157DF375171}.Release|x64.Build.0 = Release|Any CPU
		{3193A1D7-6E19-4E74-9595-E157DF375171}.Release|x86.ActiveCfg = Release|Any CPU
		{3193A1D7-6E19-4E74-9595-E157DF375171}.Release|x86.Build.0 = Release|Any CPU
		{30761F9E-0907-476C-ABD1-401744E288F1}.Debug|Any CPU.ActiveCfg = Debug|Any CPU
		{30761F9E-0907-476C-ABD1-401744E288F1}.Debug|Any CPU.Build.0 = Debug|Any CPU
		{30761F9E-0907-476C-ABD1-401744E288F1}.Debug|Mixed Platforms.ActiveCfg = Debug|Any CPU
		{30761F9E-0907-476C-ABD1-401744E288F1}.Debug|Mixed Platforms.Build.0 = Debug|Any CPU
		{30761F9E-0907-476C-ABD1-401744E288F1}.Debug|x64.ActiveCfg = Debug|Any CPU
		{30761F9E-0907-476C-ABD1-401744E288F1}.Debug|x64.Build.0 = Debug|Any CPU
		{30761F9E-0907-476C-ABD1-401744E288F1}.Debug|x86.ActiveCfg = Debug|Any CPU
		{30761F9E-0907-476C-ABD1-401744E288F1}.Debug|x86.Build.0 = Debug|Any CPU
		{30761F9E-0907-476C-ABD1-401744E288F1}.Release|Any CPU.ActiveCfg = Release|Any CPU
		{30761F9E-0907-476C-ABD1-401744E288F1}.Release|Any CPU.Build.0 = Release|Any CPU
		{30761F9E-0907-476C-ABD1-401744E288F1}.Release|Mixed Platforms.ActiveCfg = Release|Any CPU
		{30761F9E-0907-476C-ABD1-401744E288F1}.Release|Mixed Platforms.Build.0 = Release|Any CPU
		{30761F9E-0907-476C-ABD1-401744E288F1}.Release|x64.ActiveCfg = Release|Any CPU
		{30761F9E-0907-476C-ABD1-401744E288F1}.Release|x64.Build.0 = Release|Any CPU
		{30761F9E-0907-476C-ABD1-401744E288F1}.Release|x86.ActiveCfg = Release|Any CPU
		{30761F9E-0907-476C-ABD1-401744E288F1}.Release|x86.Build.0 = Release|Any CPU
	EndGlobalSection
	GlobalSection(SolutionProperties) = preSolution
		HideSolutionNode = FALSE
	EndGlobalSection
	GlobalSection(NestedProjects) = preSolution
		{066C3CC7-FA42-40F9-8FBB-A05FFD0CFE66} = {BAD5DB9E-DA6A-4981-8431-45BC4123A5F2}
		{38443498-FCC3-47F3-A8CA-389E5B53C8C6} = {BAD5DB9E-DA6A-4981-8431-45BC4123A5F2}
		{233F2233-F10F-43F6-BEE8-F8207A69BB04} = {43EEA38D-F90D-41CD-B4FD-C0DFEBE5D95B}
		{AF9D3B2D-F641-4EE4-A713-603B93628398} = {949416A8-877D-4C24-81F6-DDBF8D804C92}
		{143DC6FC-CE2F-4818-8D26-06F71A24EA2A} = {949416A8-877D-4C24-81F6-DDBF8D804C92}
		{5494A100-2B93-4683-A1F1-31BCF2671C08} = {43EEA38D-F90D-41CD-B4FD-C0DFEBE5D95B}
		{2CAB1507-C547-410B-9028-2E5F40684D95} = {949416A8-877D-4C24-81F6-DDBF8D804C92}
		{EF5E34B0-2F1C-4EBF-8AD1-4E7EB291284F} = {BAD5DB9E-DA6A-4981-8431-45BC4123A5F2}
		{B461142D-ED6D-4A55-A3D5-612D6E58EEA5} = {A809D9B3-978F-42E8-837F-F828B68555B4}
		{C2C92005-3ADC-49E2-85A2-8BD031190485} = {A809D9B3-978F-42E8-837F-F828B68555B4}
		{C8DBB6CF-A562-403C-AE95-6974F65E9043} = {43EEA38D-F90D-41CD-B4FD-C0DFEBE5D95B}
		{13C5E0E9-1323-458A-98EB-9E77FBEE32A5} = {949416A8-877D-4C24-81F6-DDBF8D804C92}
		{62146934-2F44-4507-A351-CCB816D12A57} = {43EEA38D-F90D-41CD-B4FD-C0DFEBE5D95B}
		{A482B9EE-90C3-4ACF-B927-7689E79EE064} = {949416A8-877D-4C24-81F6-DDBF8D804C92}
		{6DF08A02-0B87-4402-97D4-7987002F0BE1} = {949416A8-877D-4C24-81F6-DDBF8D804C92}
		{3B1270B7-B356-4F14-A5EA-4073898AFBB7} = {949416A8-877D-4C24-81F6-DDBF8D804C92}
		{3193A1D7-6E19-4E74-9595-E157DF375171} = {ED614640-CC46-4B3E-809D-FC30FE3EDFC7}
		{30761F9E-0907-476C-ABD1-401744E288F1} = {ED614640-CC46-4B3E-809D-FC30FE3EDFC7}
	EndGlobalSection
EndGlobal
