
Microsoft Visual Studio Solution File, Format Version 12.00
# Visual Studio 14
VisualStudioVersion = 14.0.24720.0
MinimumVisualStudioVersion = 10.0.40219.1
Project("{8BC9CEB8-8B4A-11D0-8D11-00A0C91BC942}") = "CozyThunder.Core", "..\src\Practice\CozyThunder.Core\CozyThunder.Core.vcxproj", "{066C3CC7-FA42-40F9-8FBB-A05FFD0CFE66}"
EndProject
Project("{8BC9CEB8-8B4A-11D0-8D11-00A0C91BC942}") = "CozyThunderTester", "..\src\Practice\CozyThunderTester\CozyThunderTester.vcxproj", "{38443498-FCC3-47F3-A8CA-389E5B53C8C6}"
EndProject
Global
	GlobalSection(SolutionConfigurationPlatforms) = preSolution
		Debug|x64 = Debug|x64
		Debug|x86 = Debug|x86
		Release|x64 = Release|x64
		Release|x86 = Release|x86
	EndGlobalSection
	GlobalSection(ProjectConfigurationPlatforms) = postSolution
		{066C3CC7-FA42-40F9-8FBB-A05FFD0CFE66}.Debug|x64.ActiveCfg = Debug|x64
		{066C3CC7-FA42-40F9-8FBB-A05FFD0CFE66}.Debug|x64.Build.0 = Debug|x64
		{066C3CC7-FA42-40F9-8FBB-A05FFD0CFE66}.Debug|x86.ActiveCfg = Debug|Win32
		{066C3CC7-FA42-40F9-8FBB-A05FFD0CFE66}.Debug|x86.Build.0 = Debug|Win32
		{066C3CC7-FA42-40F9-8FBB-A05FFD0CFE66}.Release|x64.ActiveCfg = Release|x64
		{066C3CC7-FA42-40F9-8FBB-A05FFD0CFE66}.Release|x64.Build.0 = Release|x64
		{066C3CC7-FA42-40F9-8FBB-A05FFD0CFE66}.Release|x86.ActiveCfg = Release|Win32
		{066C3CC7-FA42-40F9-8FBB-A05FFD0CFE66}.Release|x86.Build.0 = Release|Win32
		{38443498-FCC3-47F3-A8CA-389E5B53C8C6}.Debug|x64.ActiveCfg = Debug|x64
		{38443498-FCC3-47F3-A8CA-389E5B53C8C6}.Debug|x64.Build.0 = Debug|x64
		{38443498-FCC3-47F3-A8CA-389E5B53C8C6}.Debug|x86.ActiveCfg = Debug|Win32
		{38443498-FCC3-47F3-A8CA-389E5B53C8C6}.Debug|x86.Build.0 = Debug|Win32
		{38443498-FCC3-47F3-A8CA-389E5B53C8C6}.Release|x64.ActiveCfg = Release|x64
		{38443498-FCC3-47F3-A8CA-389E5B53C8C6}.Release|x64.Build.0 = Release|x64
		{38443498-FCC3-47F3-A8CA-389E5B53C8C6}.Release|x86.ActiveCfg = Release|Win32
		{38443498-FCC3-47F3-A8CA-389E5B53C8C6}.Release|x86.Build.0 = Release|Win32
	EndGlobalSection
	GlobalSection(SolutionProperties) = preSolution
		HideSolutionNode = FALSE
	EndGlobalSection
EndGlobal
