
Microsoft Visual Studio Solution File, Format Version 12.00
# Visual Studio 14
VisualStudioVersion = 14.0.23107.0
MinimumVisualStudioVersion = 10.0.40219.1
Project("{FAE04EC0-301F-11D3-BF4B-00C04F79EFBC}") = "CozyNote.ServerCore", "..\src\Practice\CozyNote.ServerCore\CozyNote.ServerCore.csproj", "{F12E71E9-BA31-46CC-841C-2E20568F4C51}"
EndProject
Project("{2150E333-8FDC-42A3-9474-1A3956D46DE8}") = "Server", "Server", "{96B26208-F9AB-4FE1-A959-E3805D236DBC}"
EndProject
Project("{2150E333-8FDC-42A3-9474-1A3956D46DE8}") = "Client", "Client", "{AC556112-7844-463F-B36A-124CD3C81D26}"
EndProject
Project("{FAE04EC0-301F-11D3-BF4B-00C04F79EFBC}") = "CozyNote.ServerConsole", "..\src\Practice\CozyNote.ServerConsole\CozyNote.ServerConsole.csproj", "{4EF373D2-DC99-46F7-9E6B-B6D8BF931B73}"
EndProject
Project("{FAE04EC0-301F-11D3-BF4B-00C04F79EFBC}") = "CozyNote.ClientCore", "..\src\Practice\CozyNote.ClientCore\CozyNote.ClientCore.csproj", "{491971C7-ACC6-46FD-ADE3-2267A11D7E0E}"
EndProject
Project("{FAE04EC0-301F-11D3-BF4B-00C04F79EFBC}") = "CozyNote.WinformClient", "..\src\Practice\CozyNote.WinformClient\CozyNote.WinformClient.csproj", "{1B5AEFB5-3F2F-479F-B7DE-EA848B66C50A}"
EndProject
Project("{FAE04EC0-301F-11D3-BF4B-00C04F79EFBC}") = "CozyNote.ServerTester", "..\src\Practice\CozyNote.ServerTester\CozyNote.ServerTester.csproj", "{1ECCCE7A-3269-44B3-AF52-A26A9116FD9F}"
EndProject
Global
	GlobalSection(SolutionConfigurationPlatforms) = preSolution
		Debug|Any CPU = Debug|Any CPU
		Release|Any CPU = Release|Any CPU
	EndGlobalSection
	GlobalSection(ProjectConfigurationPlatforms) = postSolution
		{F12E71E9-BA31-46CC-841C-2E20568F4C51}.Debug|Any CPU.ActiveCfg = Debug|Any CPU
		{F12E71E9-BA31-46CC-841C-2E20568F4C51}.Debug|Any CPU.Build.0 = Debug|Any CPU
		{F12E71E9-BA31-46CC-841C-2E20568F4C51}.Release|Any CPU.ActiveCfg = Release|Any CPU
		{F12E71E9-BA31-46CC-841C-2E20568F4C51}.Release|Any CPU.Build.0 = Release|Any CPU
		{4EF373D2-DC99-46F7-9E6B-B6D8BF931B73}.Debug|Any CPU.ActiveCfg = Debug|Any CPU
		{4EF373D2-DC99-46F7-9E6B-B6D8BF931B73}.Debug|Any CPU.Build.0 = Debug|Any CPU
		{4EF373D2-DC99-46F7-9E6B-B6D8BF931B73}.Release|Any CPU.ActiveCfg = Release|Any CPU
		{4EF373D2-DC99-46F7-9E6B-B6D8BF931B73}.Release|Any CPU.Build.0 = Release|Any CPU
		{491971C7-ACC6-46FD-ADE3-2267A11D7E0E}.Debug|Any CPU.ActiveCfg = Debug|Any CPU
		{491971C7-ACC6-46FD-ADE3-2267A11D7E0E}.Debug|Any CPU.Build.0 = Debug|Any CPU
		{491971C7-ACC6-46FD-ADE3-2267A11D7E0E}.Release|Any CPU.ActiveCfg = Release|Any CPU
		{491971C7-ACC6-46FD-ADE3-2267A11D7E0E}.Release|Any CPU.Build.0 = Release|Any CPU
		{1B5AEFB5-3F2F-479F-B7DE-EA848B66C50A}.Debug|Any CPU.ActiveCfg = Debug|Any CPU
		{1B5AEFB5-3F2F-479F-B7DE-EA848B66C50A}.Debug|Any CPU.Build.0 = Debug|Any CPU
		{1B5AEFB5-3F2F-479F-B7DE-EA848B66C50A}.Release|Any CPU.ActiveCfg = Release|Any CPU
		{1B5AEFB5-3F2F-479F-B7DE-EA848B66C50A}.Release|Any CPU.Build.0 = Release|Any CPU
		{1ECCCE7A-3269-44B3-AF52-A26A9116FD9F}.Debug|Any CPU.ActiveCfg = Debug|Any CPU
		{1ECCCE7A-3269-44B3-AF52-A26A9116FD9F}.Debug|Any CPU.Build.0 = Debug|Any CPU
		{1ECCCE7A-3269-44B3-AF52-A26A9116FD9F}.Release|Any CPU.ActiveCfg = Release|Any CPU
		{1ECCCE7A-3269-44B3-AF52-A26A9116FD9F}.Release|Any CPU.Build.0 = Release|Any CPU
	EndGlobalSection
	GlobalSection(SolutionProperties) = preSolution
		HideSolutionNode = FALSE
	EndGlobalSection
	GlobalSection(NestedProjects) = preSolution
		{F12E71E9-BA31-46CC-841C-2E20568F4C51} = {96B26208-F9AB-4FE1-A959-E3805D236DBC}
		{4EF373D2-DC99-46F7-9E6B-B6D8BF931B73} = {96B26208-F9AB-4FE1-A959-E3805D236DBC}
		{491971C7-ACC6-46FD-ADE3-2267A11D7E0E} = {AC556112-7844-463F-B36A-124CD3C81D26}
		{1B5AEFB5-3F2F-479F-B7DE-EA848B66C50A} = {AC556112-7844-463F-B36A-124CD3C81D26}
		{1ECCCE7A-3269-44B3-AF52-A26A9116FD9F} = {96B26208-F9AB-4FE1-A959-E3805D236DBC}
	EndGlobalSection
EndGlobal
