
Microsoft Visual Studio Solution File, Format Version 12.00
# Visual Studio 14
VisualStudioVersion = 14.0.23107.0
MinimumVisualStudioVersion = 10.0.40219.1
Project("{FAE04EC0-301F-11D3-BF4B-00C04F79EFBC}") = "CozyDict.Exe", "..\src\Practice\CozyDict.Exe\CozyDict.Exe.csproj", "{CC7DBA34-74AD-4D35-8063-0FFDE9A83C88}"
EndProject
Project("{8BC9CEB8-8B4A-11D0-8D11-00A0C91BC942}") = "CozyDict.Base", "..\src\Practice\CozyDict.Base\CozyDict.Base.vcxproj", "{821A3D5B-D01C-46F9-9D3B-1D974CDECA49}"
EndProject
Project("{FAE04EC0-301F-11D3-BF4B-00C04F79EFBC}") = "CozyDict.Core", "..\src\Practice\CozyDict.Core\CozyDict.Core.csproj", "{AFC79B12-30C3-4B1A-B6F2-B2BA60DECADA}"
EndProject
Project("{FAE04EC0-301F-11D3-BF4B-00C04F79EFBC}") = "CozyDict.Tester", "..\src\Practice\CozyDict.Tester\CozyDict.Tester.csproj", "{916C3E26-C0C2-40DD-A964-3C7B578489B2}"
EndProject
Project("{8BC9CEB8-8B4A-11D0-8D11-00A0C91BC942}") = "CozyDict.Hook", "..\src\Practice\CozyDict.Hook\CozyDict.Hook.vcxproj", "{86D26EE5-810E-4D78-86BE-42DA68637F19}"
EndProject
Project("{2150E333-8FDC-42A3-9474-1A3956D46DE8}") = "Test", "Test", "{E782C8A7-83BE-4162-AFA7-EA23B4B417C4}"
EndProject
Project("{FAE04EC0-301F-11D3-BF4B-00C04F79EFBC}") = "CozyDict.Gui", "..\src\Practice\CozyDict.Gui\CozyDict.Gui.csproj", "{24FD937E-64B0-4CD1-B4F4-D48973BFD571}"
EndProject
Global
	GlobalSection(SolutionConfigurationPlatforms) = preSolution
		Debug|Any CPU = Debug|Any CPU
		Debug|x64 = Debug|x64
		Debug|x86 = Debug|x86
		Release|Any CPU = Release|Any CPU
		Release|x64 = Release|x64
		Release|x86 = Release|x86
	EndGlobalSection
	GlobalSection(ProjectConfigurationPlatforms) = postSolution
		{CC7DBA34-74AD-4D35-8063-0FFDE9A83C88}.Debug|Any CPU.ActiveCfg = Debug|Any CPU
		{CC7DBA34-74AD-4D35-8063-0FFDE9A83C88}.Debug|x64.ActiveCfg = Debug|Any CPU
		{CC7DBA34-74AD-4D35-8063-0FFDE9A83C88}.Debug|x86.ActiveCfg = Debug|Any CPU
		{CC7DBA34-74AD-4D35-8063-0FFDE9A83C88}.Release|Any CPU.ActiveCfg = Release|Any CPU
		{CC7DBA34-74AD-4D35-8063-0FFDE9A83C88}.Release|x64.ActiveCfg = Release|Any CPU
		{CC7DBA34-74AD-4D35-8063-0FFDE9A83C88}.Release|x86.ActiveCfg = Release|Any CPU
		{821A3D5B-D01C-46F9-9D3B-1D974CDECA49}.Debug|Any CPU.ActiveCfg = Debug|Win32
		{821A3D5B-D01C-46F9-9D3B-1D974CDECA49}.Debug|x64.ActiveCfg = Debug|x64
		{821A3D5B-D01C-46F9-9D3B-1D974CDECA49}.Debug|x86.ActiveCfg = Debug|Win32
		{821A3D5B-D01C-46F9-9D3B-1D974CDECA49}.Release|Any CPU.ActiveCfg = Release|Win32
		{821A3D5B-D01C-46F9-9D3B-1D974CDECA49}.Release|x64.ActiveCfg = Release|x64
		{821A3D5B-D01C-46F9-9D3B-1D974CDECA49}.Release|x86.ActiveCfg = Release|Win32
		{AFC79B12-30C3-4B1A-B6F2-B2BA60DECADA}.Debug|Any CPU.ActiveCfg = Debug|Any CPU
		{AFC79B12-30C3-4B1A-B6F2-B2BA60DECADA}.Debug|x64.ActiveCfg = Debug|Any CPU
		{AFC79B12-30C3-4B1A-B6F2-B2BA60DECADA}.Debug|x86.ActiveCfg = Debug|Any CPU
		{AFC79B12-30C3-4B1A-B6F2-B2BA60DECADA}.Release|Any CPU.ActiveCfg = Release|Any CPU
		{AFC79B12-30C3-4B1A-B6F2-B2BA60DECADA}.Release|x64.ActiveCfg = Release|Any CPU
		{AFC79B12-30C3-4B1A-B6F2-B2BA60DECADA}.Release|x86.ActiveCfg = Release|Any CPU
		{916C3E26-C0C2-40DD-A964-3C7B578489B2}.Debug|Any CPU.ActiveCfg = Debug|Any CPU
		{916C3E26-C0C2-40DD-A964-3C7B578489B2}.Debug|x64.ActiveCfg = Debug|Any CPU
		{916C3E26-C0C2-40DD-A964-3C7B578489B2}.Debug|x86.ActiveCfg = Debug|Any CPU
		{916C3E26-C0C2-40DD-A964-3C7B578489B2}.Release|Any CPU.ActiveCfg = Release|Any CPU
		{916C3E26-C0C2-40DD-A964-3C7B578489B2}.Release|x64.ActiveCfg = Release|Any CPU
		{916C3E26-C0C2-40DD-A964-3C7B578489B2}.Release|x86.ActiveCfg = Release|Any CPU
		{86D26EE5-810E-4D78-86BE-42DA68637F19}.Debug|Any CPU.ActiveCfg = Debug|Win32
		{86D26EE5-810E-4D78-86BE-42DA68637F19}.Debug|x64.ActiveCfg = Debug|x64
		{86D26EE5-810E-4D78-86BE-42DA68637F19}.Debug|x86.ActiveCfg = Debug|Win32
		{86D26EE5-810E-4D78-86BE-42DA68637F19}.Release|Any CPU.ActiveCfg = Release|Win32
		{86D26EE5-810E-4D78-86BE-42DA68637F19}.Release|x64.ActiveCfg = Release|x64
		{86D26EE5-810E-4D78-86BE-42DA68637F19}.Release|x86.ActiveCfg = Release|Win32
		{24FD937E-64B0-4CD1-B4F4-D48973BFD571}.Debug|Any CPU.ActiveCfg = Debug|Any CPU
		{24FD937E-64B0-4CD1-B4F4-D48973BFD571}.Debug|Any CPU.Build.0 = Debug|Any CPU
		{24FD937E-64B0-4CD1-B4F4-D48973BFD571}.Debug|x64.ActiveCfg = Debug|Any CPU
		{24FD937E-64B0-4CD1-B4F4-D48973BFD571}.Debug|x86.ActiveCfg = Debug|Any CPU
		{24FD937E-64B0-4CD1-B4F4-D48973BFD571}.Release|Any CPU.ActiveCfg = Release|Any CPU
		{24FD937E-64B0-4CD1-B4F4-D48973BFD571}.Release|Any CPU.Build.0 = Release|Any CPU
		{24FD937E-64B0-4CD1-B4F4-D48973BFD571}.Release|x64.ActiveCfg = Release|Any CPU
		{24FD937E-64B0-4CD1-B4F4-D48973BFD571}.Release|x86.ActiveCfg = Release|Any CPU
	EndGlobalSection
	GlobalSection(SolutionProperties) = preSolution
		HideSolutionNode = FALSE
	EndGlobalSection
EndGlobal
