
Microsoft Visual Studio Solution File, Format Version 12.00
# Visual Studio 14
VisualStudioVersion = 14.0.23107.0
MinimumVisualStudioVersion = 10.0.40219.1
Project("{FAE04EC0-301F-11D3-BF4B-00C04F79EFBC}") = "CozyElf.Console", "..\src\Practice\CozyElf.Console\CozyElf.Console.csproj", "{21572408-7C47-466D-93BF-517CC091668C}"
EndProject
Project("{FAE04EC0-301F-11D3-BF4B-00C04F79EFBC}") = "CozyElf.Core", "..\src\Practice\CozyElf.Core\CozyElf.Core.csproj", "{9839F61A-7D04-4225-B4E1-F42A97A072BA}"
EndProject
Global
	GlobalSection(SolutionConfigurationPlatforms) = preSolution
		Debug|Any CPU = Debug|Any CPU
		Release|Any CPU = Release|Any CPU
	EndGlobalSection
	GlobalSection(ProjectConfigurationPlatforms) = postSolution
		{21572408-7C47-466D-93BF-517CC091668C}.Debug|Any CPU.ActiveCfg = Debug|Any CPU
		{21572408-7C47-466D-93BF-517CC091668C}.Debug|Any CPU.Build.0 = Debug|Any CPU
		{21572408-7C47-466D-93BF-517CC091668C}.Release|Any CPU.ActiveCfg = Release|Any CPU
		{21572408-7C47-466D-93BF-517CC091668C}.Release|Any CPU.Build.0 = Release|Any CPU
		{9839F61A-7D04-4225-B4E1-F42A97A072BA}.Debug|Any CPU.ActiveCfg = Debug|Any CPU
		{9839F61A-7D04-4225-B4E1-F42A97A072BA}.Debug|Any CPU.Build.0 = Debug|Any CPU
		{9839F61A-7D04-4225-B4E1-F42A97A072BA}.Release|Any CPU.ActiveCfg = Release|Any CPU
		{9839F61A-7D04-4225-B4E1-F42A97A072BA}.Release|Any CPU.Build.0 = Release|Any CPU
	EndGlobalSection
	GlobalSection(SolutionProperties) = preSolution
		HideSolutionNode = FALSE
	EndGlobalSection
EndGlobal
