
Microsoft Visual Studio Solution File, Format Version 12.00
# Visual Studio 14
VisualStudioVersion = 14.0.25123.0
MinimumVisualStudioVersion = 10.0.40219.1
Project("{FAE04EC0-301F-11D3-BF4B-00C04F79EFBC}") = "CozyLauncher", "..\src\Practice\CozyLauncher\CozyLauncher.csproj", "{36C16B10-D17D-4A58-BD46-0F938DA82CC8}"
	ProjectSection(ProjectDependencies) = postProject
		{03126F33-4289-4B37-9E51-2C36E298AA0A} = {03126F33-4289-4B37-9E51-2C36E298AA0A}
	EndProjectSection
EndProject
Project("{FAE04EC0-301F-11D3-BF4B-00C04F79EFBC}") = "CozyLauncher.Core", "..\src\Practice\CozyLauncher.Core\CozyLauncher.Core.csproj", "{CE088805-E664-42EB-B943-C2A421EA8551}"
	ProjectSection(ProjectDependencies) = postProject
		{BD081A84-BB62-45CF-8433-3A03BF91A6EB} = {BD081A84-BB62-45CF-8433-3A03BF91A6EB}
	EndProjectSection
EndProject
Project("{FAE04EC0-301F-11D3-BF4B-00C04F79EFBC}") = "CozyLauncher.Infrastructure", "..\src\Practice\CozyLauncher.Infrastructure\CozyLauncher.Infrastructure.csproj", "{58C2D24E-55DE-4E57-A1C1-18EFA0D4A5A6}"
EndProject
Project("{2150E333-8FDC-42A3-9474-1A3956D46DE8}") = "Plugin", "Plugin", "{B1502C3F-B929-4EE6-90D1-39C548CECAE7}"
EndProject
Project("{FAE04EC0-301F-11D3-BF4B-00C04F79EFBC}") = "CozyLauncher.Plugin.Program", "..\src\Practice\CozyLauncher.Plugin.Program\CozyLauncher.Plugin.Program.csproj", "{27B8819D-01EA-47A1-8CD9-75BA99BA08CB}"
EndProject
Project("{FAE04EC0-301F-11D3-BF4B-00C04F79EFBC}") = "CozyLauncher.PluginBase", "..\src\Practice\CozyLauncher.PluginBase\CozyLauncher.PluginBase.csproj", "{B2E70E72-BC0A-459D-BE2A-41DD5074A3E1}"
EndProject
Project("{2150E333-8FDC-42A3-9474-1A3956D46DE8}") = "Core", "Core", "{7A0D3583-5847-4CCE-A7AA-690C34127EE3}"
EndProject
Project("{2150E333-8FDC-42A3-9474-1A3956D46DE8}") = "Primary", "Primary", "{6B37D2AC-6C6D-444F-8492-DA47118C7625}"
EndProject
Project("{2150E333-8FDC-42A3-9474-1A3956D46DE8}") = "Secondary", "Secondary", "{DED63B3E-03D2-4DDD-8229-F180A8E6515E}"
EndProject
Project("{FAE04EC0-301F-11D3-BF4B-00C04F79EFBC}") = "CozyLauncher.Plugin.ManualRun", "..\src\Practice\CozyLauncher.Plugin.ManualRun\CozyLauncher.Plugin.ManualRun.csproj", "{728F9DBE-8312-47A8-B713-A911571A5DD8}"
EndProject
Project("{FAE04EC0-301F-11D3-BF4B-00C04F79EFBC}") = "CozyLauncher.Plugin.Core", "..\src\Practice\CozyLauncher.Plugin.Core\CozyLauncher.Plugin.Core.csproj", "{909E8061-B711-45F5-8B7B-DF6854FE55A1}"
EndProject
Project("{FAE04EC0-301F-11D3-BF4B-00C04F79EFBC}") = "CozyLauncher.Plugin.Dirctory", "..\src\Practice\CozyLauncher.Plugin.Dirctory\CozyLauncher.Plugin.Dirctory.csproj", "{EBF482FC-3E9E-4AB9-BFBE-CAF500964F33}"
EndProject
Project("{FAE04EC0-301F-11D3-BF4B-00C04F79EFBC}") = "CozyLauncher.Plugin.WebSearch", "..\src\Practice\CozyLauncher.Plugin.WebSearch\CozyLauncher.Plugin.WebSearch.csproj", "{7BDDD754-0CA2-4772-B25D-CF4998146FA4}"
EndProject
Project("{FAE04EC0-301F-11D3-BF4B-00C04F79EFBC}") = "CozyLauncher.Plugin.MouseClick", "..\src\Practice\CozyLauncher.Plugin.MouseClick\CozyLauncher.Plugin.MouseClick.csproj", "{86935658-10A9-4C80-A20A-E2BFA77347E7}"
EndProject
Project("{2150E333-8FDC-42A3-9474-1A3956D46DE8}") = "Tool", "Tool", "{99CDD04F-DFAB-46F3-8F43-ECBA51665848}"
EndProject
Project("{FAE04EC0-301F-11D3-BF4B-00C04F79EFBC}") = "CozyLauncher.Tool.MakePacket", "..\src\Practice\CozyLauncher.Tool.MakePacket\CozyLauncher.Tool.MakePacket.csproj", "{61D31322-97D6-4552-9167-B94EB6B62B17}"
	ProjectSection(ProjectDependencies) = postProject
		{BD081A84-BB62-45CF-8433-3A03BF91A6EB} = {BD081A84-BB62-45CF-8433-3A03BF91A6EB}
	EndProjectSection
EndProject
Project("{FAE04EC0-301F-11D3-BF4B-00C04F79EFBC}") = "CozyLauncher.Plugin.Sys", "..\src\Practice\CozyLauncher.Plugin.Sys\CozyLauncher.Plugin.Sys.csproj", "{5D3AA1B8-DBC5-44F1-B9F4-44A4EA651DF8}"
EndProject
Project("{E24C65DC-7377-472B-9ABA-BC803B73C61A}") = "CozyLauncher.Tool.Website", "..\src\Practice\CozyLauncher.Tool.Website\", "{C52B6FFE-729F-4FC4-96E8-5F97FC9B74A4}"
	ProjectSection(WebsiteProperties) = preProject
		TargetFrameworkMoniker = ".NETFramework,Version%3Dv4.0"
		Debug.AspNetCompiler.VirtualPath = "/localhost_49719"
		Debug.AspNetCompiler.PhysicalPath = "..\src\Practice\CozyLauncher.Tool.Website\"
		Debug.AspNetCompiler.TargetPath = "PrecompiledWeb\localhost_49719\"
		Debug.AspNetCompiler.Updateable = "true"
		Debug.AspNetCompiler.ForceOverwrite = "true"
		Debug.AspNetCompiler.FixedNames = "false"
		Debug.AspNetCompiler.Debug = "True"
		Release.AspNetCompiler.VirtualPath = "/localhost_49719"
		Release.AspNetCompiler.PhysicalPath = "..\src\Practice\CozyLauncher.Tool.Website\"
		Release.AspNetCompiler.TargetPath = "PrecompiledWeb\localhost_49719\"
		Release.AspNetCompiler.Updateable = "true"
		Release.AspNetCompiler.ForceOverwrite = "true"
		Release.AspNetCompiler.FixedNames = "false"
		Release.AspNetCompiler.Debug = "False"
		VWDPort = "49719"
		SlnRelativePath = "..\src\Practice\CozyLauncher.Tool.Website\"
	EndProjectSection
EndProject
Project("{FAE04EC0-301F-11D3-BF4B-00C04F79EFBC}") = "CozyLauncher.Tool.UpdateFeedGenerator", "..\src\Practice\CozyLauncher.Tool.UpdateFeedGenerator\CozyLauncher.Tool.UpdateFeedGenerator.csproj", "{310F3415-9294-42BD-8864-3149981C555F}"
EndProject
Project("{FAE04EC0-301F-11D3-BF4B-00C04F79EFBC}") = "CozyLauncher.Plugin.Calculator", "..\src\Practice\CozyLauncher.Plugin.Calculator\CozyLauncher.Plugin.Calculator.csproj", "{1EA52A6A-7583-40AA-9CF3-414753BBB4D9}"
EndProject
Project("{FAE04EC0-301F-11D3-BF4B-00C04F79EFBC}") = "CozyLauncher.Tool.Update", "..\src\Practice\CozyLauncher.Tool.Update\CozyLauncher.Tool.Update.csproj", "{03126F33-4289-4B37-9E51-2C36E298AA0A}"
EndProject
Project("{FAE04EC0-301F-11D3-BF4B-00C04F79EFBC}") = "CozyLauncher.Plugin.Ip", "..\src\Practice\CozyLauncher.Plugin.Ip\CozyLauncher.Plugin.Ip.csproj", "{6F153C9D-84B4-4C54-A7C8-E75C2C0DA0F2}"
EndProject
Project("{FAE04EC0-301F-11D3-BF4B-00C04F79EFBC}") = "CozyLauncher.Plugin.Qrcode", "..\src\Practice\CozyLauncher.Plugin.Qrcode\CozyLauncher.Plugin.Qrcode.csproj", "{EAB1CD23-BBA3-414F-8810-B04415E9C9BD}"
EndProject
Project("{FAE04EC0-301F-11D3-BF4B-00C04F79EFBC}") = "CozyLauncher.Plugin.Fnl", "..\src\Practice\CozyLauncher.Plugin.Fnl\CozyLauncher.Plugin.Fnl.csproj", "{2621A426-AFE4-4B6F-805F-66C533442076}"
EndProject
Project("{FAE04EC0-301F-11D3-BF4B-00C04F79EFBC}") = "CozyLauncher.Plugin.Guide", "..\src\Practice\CozyLauncher.Plugin.Guide\CozyLauncher.Plugin.Guide.csproj", "{7B4606A7-77D0-42AA-91ED-B5B6963AD830}"
EndProject
Project("{FAE04EC0-301F-11D3-BF4B-00C04F79EFBC}") = "CozyLauncher.Plugin.Ydfy", "..\src\Practice\CozyLauncher.Plugin.Ydfy\CozyLauncher.Plugin.Ydfy.csproj", "{6CAA27E5-E972-4BC5-938E-20AABE70B511}"
EndProject
Project("{2150E333-8FDC-42A3-9474-1A3956D46DE8}") = "Test", "Test", "{766C50F2-F336-43D3-94BA-4085A584B130}"
EndProject
Project("{FAE04EC0-301F-11D3-BF4B-00C04F79EFBC}") = "CozyLauncher.Test.Plugin", "..\src\Practice\CozyLauncher.Test.Plugin\CozyLauncher.Test.Plugin.csproj", "{58275A23-9373-437F-BCB5-AB07B2AEC363}"
EndProject
Project("{FAE04EC0-301F-11D3-BF4B-00C04F79EFBC}") = "CozyLauncher.Plugin.KickassTorrents", "..\src\Practice\CozyLauncher.Plugin.KickassTorrents\CozyLauncher.Plugin.KickassTorrents.csproj", "{B4063B6C-7E29-491A-9B13-9AB6867B0F99}"
EndProject
Project("{FAE04EC0-301F-11D3-BF4B-00C04F79EFBC}") = "CozyLauncher.Plugin.Command", "..\src\Practice\CozyLauncher.Plugin.Command\CozyLauncher.Plugin.Command.csproj", "{EEAC9F90-64E7-47BA-B557-020F2EBE02F3}"
EndProject
Project("{FAE04EC0-301F-11D3-BF4B-00C04F79EFBC}") = "CozyLauncher.Plugin.Hardware", "..\src\Practice\CozyLauncher.Plugin.Hardware\CozyLauncher.Plugin.Hardware.csproj", "{EC29C4CD-911F-43A9-83AE-F294A31FADA5}"
EndProject
Project("{8BC9CEB8-8B4A-11D0-8D11-00A0C91BC942}") = "CozyLauncher.CppPluginLoader", "..\src\Practice\CozyLauncher.CppPluginLoader\CozyLauncher.CppPluginLoader.vcxproj", "{BD081A84-BB62-45CF-8433-3A03BF91A6EB}"
EndProject
Project("{FAE04EC0-301F-11D3-BF4B-00C04F79EFBC}") = "CozyLauncher.Plugin.Timestamp", "..\src\Practice\CozyLauncher.Plugin.Timestamp\CozyLauncher.Plugin.Timestamp.csproj", "{80FCBDA7-F00A-4546-931E-8E59BB7A1944}"
EndProject
Project("{FAE04EC0-301F-11D3-BF4B-00C04F79EFBC}") = "CozyLauncher.Plugin.BreakReminder", "..\src\Practice\CozyLauncher.Plugin.BreakReminder\CozyLauncher.Plugin.BreakReminder.csproj", "{2611F8B6-2A95-4DE4-BD29-E758EA1DDB47}"
EndProject
Project("{FAE04EC0-301F-11D3-BF4B-00C04F79EFBC}") = "CozyLauncher.Plugin.InfoCollect", "..\src\Practice\CozyLauncher.Plugin.InfoCollect\CozyLauncher.Plugin.InfoCollect.csproj", "{BA4EB5CB-E720-41BA-92AB-8DFAAD1BA32E}"
EndProject
Project("{FAE04EC0-301F-11D3-BF4B-00C04F79EFBC}") = "CozyLauncher.Tool.InfoCollectServer", "..\src\Practice\CozyLauncher.Tool.InfoCollectServer\CozyLauncher.Tool.InfoCollectServer.csproj", "{F42A4450-C0FF-4C57-AEB0-A5EEF79F08AD}"
EndProject
Project("{2150E333-8FDC-42A3-9474-1A3956D46DE8}") = "Shared", "Shared", "{90CA5841-FE01-4326-9FF3-C097E2AB1C4E}"
EndProject
Project("{D954291E-2A0B-460D-934E-DC6B0785DB48}") = "CozyLauncher.Shared.InfoCollect", "..\src\Practice\CozyLauncher.Shared.InfoCollect\CozyLauncher.Shared.InfoCollect.shproj", "{DEB89CA1-08DE-4559-A7BA-995D526DC0A9}"
EndProject
Project("{FAE04EC0-301F-11D3-BF4B-00C04F79EFBC}") = "CozyLauncher.Plugin.BrowserBookmark", "..\src\Practice\CozyLauncher.Plugin.BrowserBookmark\CozyLauncher.Plugin.BrowserBookmark.csproj", "{12936AB9-CD2D-4655-BFE3-894A4AA70F8C}"
EndProject
Project("{FAE04EC0-301F-11D3-BF4B-00C04F79EFBC}") = "CozyLauncher.Plugin.PasswordGenerator", "..\src\Practice\CozyLauncher.Plugin.PasswordGenerator\CozyLauncher.Plugin.PasswordGenerator.csproj", "{321277BA-1483-40B4-B658-44167C791E66}"
EndProject
Project("{FAE04EC0-301F-11D3-BF4B-00C04F79EFBC}") = "CozyLauncher.Plugin.About", "..\src\Practice\CozyLauncher.Plugin.About\CozyLauncher.Plugin.About.csproj", "{CBFE4DE1-3A83-481E-9DF0-E231253E7A81}"
EndProject
Project("{FAE04EC0-301F-11D3-BF4B-00C04F79EFBC}") = "CozyLauncher.Plugin.Setting", "..\src\Practice\CozyLauncher.Plugin.Setting\CozyLauncher.Plugin.Setting.csproj", "{7A346CFF-4B86-467D-B01B-7FD1A200C3E2}"
EndProject
Project("{FAE04EC0-301F-11D3-BF4B-00C04F79EFBC}") = "CozyLauncher.Plugin.DailySentence", "..\src\Practice\CozyLauncher.Plugin.DailySentence\CozyLauncher.Plugin.DailySentence.csproj", "{7AFC6FBC-8256-46D7-B881-97F45FAE48F8}"
EndProject
Project("{FAE04EC0-301F-11D3-BF4B-00C04F79EFBC}") = "CozyLauncher.Plugin.Express", "..\src\Practice\CozyLauncher.Plugin.Express\CozyLauncher.Plugin.Express.csproj", "{FEDF2692-BD58-4AC6-9B02-FDF7F79EC17E}"
EndProject
Global
	GlobalSection(SharedMSBuildProjectFiles) = preSolution
		..\src\Practice\CozyLauncher.Shared.InfoCollect\CozyLauncher.Shared.InfoCollect.projitems*{f42a4450-c0ff-4c57-aeb0-a5eef79f08ad}*SharedItemsImports = 4
		..\src\Practice\CozyLauncher.Shared.InfoCollect\CozyLauncher.Shared.InfoCollect.projitems*{ba4eb5cb-e720-41ba-92ab-8dfaad1ba32e}*SharedItemsImports = 4
		..\src\Practice\CozyLauncher.Shared.InfoCollect\CozyLauncher.Shared.InfoCollect.projitems*{deb89ca1-08de-4559-a7ba-995d526dc0a9}*SharedItemsImports = 13
	EndGlobalSection
	GlobalSection(SolutionConfigurationPlatforms) = preSolution
		Debug|Any CPU = Debug|Any CPU
		Debug|x64 = Debug|x64
		Debug|x86 = Debug|x86
		Release|Any CPU = Release|Any CPU
		Release|x64 = Release|x64
		Release|x86 = Release|x86
	EndGlobalSection
	GlobalSection(ProjectConfigurationPlatforms) = postSolution
		{36C16B10-D17D-4A58-BD46-0F938DA82CC8}.Debug|Any CPU.ActiveCfg = Debug|Any CPU
		{36C16B10-D17D-4A58-BD46-0F938DA82CC8}.Debug|Any CPU.Build.0 = Debug|Any CPU
		{36C16B10-D17D-4A58-BD46-0F938DA82CC8}.Debug|x64.ActiveCfg = Debug|Any CPU
		{36C16B10-D17D-4A58-BD46-0F938DA82CC8}.Debug|x64.Build.0 = Debug|Any CPU
		{36C16B10-D17D-4A58-BD46-0F938DA82CC8}.Debug|x86.ActiveCfg = Debug|Any CPU
		{36C16B10-D17D-4A58-BD46-0F938DA82CC8}.Debug|x86.Build.0 = Debug|Any CPU
		{36C16B10-D17D-4A58-BD46-0F938DA82CC8}.Release|Any CPU.ActiveCfg = Release|Any CPU
		{36C16B10-D17D-4A58-BD46-0F938DA82CC8}.Release|Any CPU.Build.0 = Release|Any CPU
		{36C16B10-D17D-4A58-BD46-0F938DA82CC8}.Release|x64.ActiveCfg = Release|Any CPU
		{36C16B10-D17D-4A58-BD46-0F938DA82CC8}.Release|x64.Build.0 = Release|Any CPU
		{36C16B10-D17D-4A58-BD46-0F938DA82CC8}.Release|x86.ActiveCfg = Release|Any CPU
		{36C16B10-D17D-4A58-BD46-0F938DA82CC8}.Release|x86.Build.0 = Release|Any CPU
		{CE088805-E664-42EB-B943-C2A421EA8551}.Debug|Any CPU.ActiveCfg = Debug|Any CPU
		{CE088805-E664-42EB-B943-C2A421EA8551}.Debug|Any CPU.Build.0 = Debug|Any CPU
		{CE088805-E664-42EB-B943-C2A421EA8551}.Debug|x64.ActiveCfg = Debug|Any CPU
		{CE088805-E664-42EB-B943-C2A421EA8551}.Debug|x64.Build.0 = Debug|Any CPU
		{CE088805-E664-42EB-B943-C2A421EA8551}.Debug|x86.ActiveCfg = Debug|Any CPU
		{CE088805-E664-42EB-B943-C2A421EA8551}.Debug|x86.Build.0 = Debug|Any CPU
		{CE088805-E664-42EB-B943-C2A421EA8551}.Release|Any CPU.ActiveCfg = Release|Any CPU
		{CE088805-E664-42EB-B943-C2A421EA8551}.Release|Any CPU.Build.0 = Release|Any CPU
		{CE088805-E664-42EB-B943-C2A421EA8551}.Release|x64.ActiveCfg = Release|Any CPU
		{CE088805-E664-42EB-B943-C2A421EA8551}.Release|x64.Build.0 = Release|Any CPU
		{CE088805-E664-42EB-B943-C2A421EA8551}.Release|x86.ActiveCfg = Release|Any CPU
		{CE088805-E664-42EB-B943-C2A421EA8551}.Release|x86.Build.0 = Release|Any CPU
		{58C2D24E-55DE-4E57-A1C1-18EFA0D4A5A6}.Debug|Any CPU.ActiveCfg = Debug|Any CPU
		{58C2D24E-55DE-4E57-A1C1-18EFA0D4A5A6}.Debug|Any CPU.Build.0 = Debug|Any CPU
		{58C2D24E-55DE-4E57-A1C1-18EFA0D4A5A6}.Debug|x64.ActiveCfg = Debug|Any CPU
		{58C2D24E-55DE-4E57-A1C1-18EFA0D4A5A6}.Debug|x64.Build.0 = Debug|Any CPU
		{58C2D24E-55DE-4E57-A1C1-18EFA0D4A5A6}.Debug|x86.ActiveCfg = Debug|Any CPU
		{58C2D24E-55DE-4E57-A1C1-18EFA0D4A5A6}.Debug|x86.Build.0 = Debug|Any CPU
		{58C2D24E-55DE-4E57-A1C1-18EFA0D4A5A6}.Release|Any CPU.ActiveCfg = Release|Any CPU
		{58C2D24E-55DE-4E57-A1C1-18EFA0D4A5A6}.Release|Any CPU.Build.0 = Release|Any CPU
		{58C2D24E-55DE-4E57-A1C1-18EFA0D4A5A6}.Release|x64.ActiveCfg = Release|Any CPU
		{58C2D24E-55DE-4E57-A1C1-18EFA0D4A5A6}.Release|x64.Build.0 = Release|Any CPU
		{58C2D24E-55DE-4E57-A1C1-18EFA0D4A5A6}.Release|x86.ActiveCfg = Release|Any CPU
		{58C2D24E-55DE-4E57-A1C1-18EFA0D4A5A6}.Release|x86.Build.0 = Release|Any CPU
		{27B8819D-01EA-47A1-8CD9-75BA99BA08CB}.Debug|Any CPU.ActiveCfg = Debug|Any CPU
		{27B8819D-01EA-47A1-8CD9-75BA99BA08CB}.Debug|Any CPU.Build.0 = Debug|Any CPU
		{27B8819D-01EA-47A1-8CD9-75BA99BA08CB}.Debug|x64.ActiveCfg = Debug|Any CPU
		{27B8819D-01EA-47A1-8CD9-75BA99BA08CB}.Debug|x64.Build.0 = Debug|Any CPU
		{27B8819D-01EA-47A1-8CD9-75BA99BA08CB}.Debug|x86.ActiveCfg = Debug|Any CPU
		{27B8819D-01EA-47A1-8CD9-75BA99BA08CB}.Debug|x86.Build.0 = Debug|Any CPU
		{27B8819D-01EA-47A1-8CD9-75BA99BA08CB}.Release|Any CPU.ActiveCfg = Release|Any CPU
		{27B8819D-01EA-47A1-8CD9-75BA99BA08CB}.Release|Any CPU.Build.0 = Release|Any CPU
		{27B8819D-01EA-47A1-8CD9-75BA99BA08CB}.Release|x64.ActiveCfg = Release|Any CPU
		{27B8819D-01EA-47A1-8CD9-75BA99BA08CB}.Release|x64.Build.0 = Release|Any CPU
		{27B8819D-01EA-47A1-8CD9-75BA99BA08CB}.Release|x86.ActiveCfg = Release|Any CPU
		{27B8819D-01EA-47A1-8CD9-75BA99BA08CB}.Release|x86.Build.0 = Release|Any CPU
		{B2E70E72-BC0A-459D-BE2A-41DD5074A3E1}.Debug|Any CPU.ActiveCfg = Debug|Any CPU
		{B2E70E72-BC0A-459D-BE2A-41DD5074A3E1}.Debug|Any CPU.Build.0 = Debug|Any CPU
		{B2E70E72-BC0A-459D-BE2A-41DD5074A3E1}.Debug|x64.ActiveCfg = Debug|Any CPU
		{B2E70E72-BC0A-459D-BE2A-41DD5074A3E1}.Debug|x64.Build.0 = Debug|Any CPU
		{B2E70E72-BC0A-459D-BE2A-41DD5074A3E1}.Debug|x86.ActiveCfg = Debug|Any CPU
		{B2E70E72-BC0A-459D-BE2A-41DD5074A3E1}.Debug|x86.Build.0 = Debug|Any CPU
		{B2E70E72-BC0A-459D-BE2A-41DD5074A3E1}.Release|Any CPU.ActiveCfg = Release|Any CPU
		{B2E70E72-BC0A-459D-BE2A-41DD5074A3E1}.Release|Any CPU.Build.0 = Release|Any CPU
		{B2E70E72-BC0A-459D-BE2A-41DD5074A3E1}.Release|x64.ActiveCfg = Release|Any CPU
		{B2E70E72-BC0A-459D-BE2A-41DD5074A3E1}.Release|x64.Build.0 = Release|Any CPU
		{B2E70E72-BC0A-459D-BE2A-41DD5074A3E1}.Release|x86.ActiveCfg = Release|Any CPU
		{B2E70E72-BC0A-459D-BE2A-41DD5074A3E1}.Release|x86.Build.0 = Release|Any CPU
		{728F9DBE-8312-47A8-B713-A911571A5DD8}.Debug|Any CPU.ActiveCfg = Debug|Any CPU
		{728F9DBE-8312-47A8-B713-A911571A5DD8}.Debug|Any CPU.Build.0 = Debug|Any CPU
		{728F9DBE-8312-47A8-B713-A911571A5DD8}.Debug|x64.ActiveCfg = Debug|Any CPU
		{728F9DBE-8312-47A8-B713-A911571A5DD8}.Debug|x64.Build.0 = Debug|Any CPU
		{728F9DBE-8312-47A8-B713-A911571A5DD8}.Debug|x86.ActiveCfg = Debug|Any CPU
		{728F9DBE-8312-47A8-B713-A911571A5DD8}.Debug|x86.Build.0 = Debug|Any CPU
		{728F9DBE-8312-47A8-B713-A911571A5DD8}.Release|Any CPU.ActiveCfg = Release|Any CPU
		{728F9DBE-8312-47A8-B713-A911571A5DD8}.Release|Any CPU.Build.0 = Release|Any CPU
		{728F9DBE-8312-47A8-B713-A911571A5DD8}.Release|x64.ActiveCfg = Release|Any CPU
		{728F9DBE-8312-47A8-B713-A911571A5DD8}.Release|x64.Build.0 = Release|Any CPU
		{728F9DBE-8312-47A8-B713-A911571A5DD8}.Release|x86.ActiveCfg = Release|Any CPU
		{728F9DBE-8312-47A8-B713-A911571A5DD8}.Release|x86.Build.0 = Release|Any CPU
		{909E8061-B711-45F5-8B7B-DF6854FE55A1}.Debug|Any CPU.ActiveCfg = Debug|Any CPU
		{909E8061-B711-45F5-8B7B-DF6854FE55A1}.Debug|Any CPU.Build.0 = Debug|Any CPU
		{909E8061-B711-45F5-8B7B-DF6854FE55A1}.Debug|x64.ActiveCfg = Debug|Any CPU
		{909E8061-B711-45F5-8B7B-DF6854FE55A1}.Debug|x64.Build.0 = Debug|Any CPU
		{909E8061-B711-45F5-8B7B-DF6854FE55A1}.Debug|x86.ActiveCfg = Debug|Any CPU
		{909E8061-B711-45F5-8B7B-DF6854FE55A1}.Debug|x86.Build.0 = Debug|Any CPU
		{909E8061-B711-45F5-8B7B-DF6854FE55A1}.Release|Any CPU.ActiveCfg = Release|Any CPU
		{909E8061-B711-45F5-8B7B-DF6854FE55A1}.Release|Any CPU.Build.0 = Release|Any CPU
		{909E8061-B711-45F5-8B7B-DF6854FE55A1}.Release|x64.ActiveCfg = Release|Any CPU
		{909E8061-B711-45F5-8B7B-DF6854FE55A1}.Release|x64.Build.0 = Release|Any CPU
		{909E8061-B711-45F5-8B7B-DF6854FE55A1}.Release|x86.ActiveCfg = Release|Any CPU
		{909E8061-B711-45F5-8B7B-DF6854FE55A1}.Release|x86.Build.0 = Release|Any CPU
		{EBF482FC-3E9E-4AB9-BFBE-CAF500964F33}.Debug|Any CPU.ActiveCfg = Debug|Any CPU
		{EBF482FC-3E9E-4AB9-BFBE-CAF500964F33}.Debug|Any CPU.Build.0 = Debug|Any CPU
		{EBF482FC-3E9E-4AB9-BFBE-CAF500964F33}.Debug|x64.ActiveCfg = Debug|Any CPU
		{EBF482FC-3E9E-4AB9-BFBE-CAF500964F33}.Debug|x64.Build.0 = Debug|Any CPU
		{EBF482FC-3E9E-4AB9-BFBE-CAF500964F33}.Debug|x86.ActiveCfg = Debug|Any CPU
		{EBF482FC-3E9E-4AB9-BFBE-CAF500964F33}.Debug|x86.Build.0 = Debug|Any CPU
		{EBF482FC-3E9E-4AB9-BFBE-CAF500964F33}.Release|Any CPU.ActiveCfg = Release|Any CPU
		{EBF482FC-3E9E-4AB9-BFBE-CAF500964F33}.Release|Any CPU.Build.0 = Release|Any CPU
		{EBF482FC-3E9E-4AB9-BFBE-CAF500964F33}.Release|x64.ActiveCfg = Release|Any CPU
		{EBF482FC-3E9E-4AB9-BFBE-CAF500964F33}.Release|x64.Build.0 = Release|Any CPU
		{EBF482FC-3E9E-4AB9-BFBE-CAF500964F33}.Release|x86.ActiveCfg = Release|Any CPU
		{EBF482FC-3E9E-4AB9-BFBE-CAF500964F33}.Release|x86.Build.0 = Release|Any CPU
		{7BDDD754-0CA2-4772-B25D-CF4998146FA4}.Debug|Any CPU.ActiveCfg = Debug|Any CPU
		{7BDDD754-0CA2-4772-B25D-CF4998146FA4}.Debug|Any CPU.Build.0 = Debug|Any CPU
		{7BDDD754-0CA2-4772-B25D-CF4998146FA4}.Debug|x64.ActiveCfg = Debug|Any CPU
		{7BDDD754-0CA2-4772-B25D-CF4998146FA4}.Debug|x64.Build.0 = Debug|Any CPU
		{7BDDD754-0CA2-4772-B25D-CF4998146FA4}.Debug|x86.ActiveCfg = Debug|Any CPU
		{7BDDD754-0CA2-4772-B25D-CF4998146FA4}.Debug|x86.Build.0 = Debug|Any CPU
		{7BDDD754-0CA2-4772-B25D-CF4998146FA4}.Release|Any CPU.ActiveCfg = Release|Any CPU
		{7BDDD754-0CA2-4772-B25D-CF4998146FA4}.Release|Any CPU.Build.0 = Release|Any CPU
		{7BDDD754-0CA2-4772-B25D-CF4998146FA4}.Release|x64.ActiveCfg = Release|Any CPU
		{7BDDD754-0CA2-4772-B25D-CF4998146FA4}.Release|x64.Build.0 = Release|Any CPU
		{7BDDD754-0CA2-4772-B25D-CF4998146FA4}.Release|x86.ActiveCfg = Release|Any CPU
		{7BDDD754-0CA2-4772-B25D-CF4998146FA4}.Release|x86.Build.0 = Release|Any CPU
		{86935658-10A9-4C80-A20A-E2BFA77347E7}.Debug|Any CPU.ActiveCfg = Debug|Any CPU
		{86935658-10A9-4C80-A20A-E2BFA77347E7}.Debug|Any CPU.Build.0 = Debug|Any CPU
		{86935658-10A9-4C80-A20A-E2BFA77347E7}.Debug|x64.ActiveCfg = Debug|Any CPU
		{86935658-10A9-4C80-A20A-E2BFA77347E7}.Debug|x64.Build.0 = Debug|Any CPU
		{86935658-10A9-4C80-A20A-E2BFA77347E7}.Debug|x86.ActiveCfg = Debug|Any CPU
		{86935658-10A9-4C80-A20A-E2BFA77347E7}.Debug|x86.Build.0 = Debug|Any CPU
		{86935658-10A9-4C80-A20A-E2BFA77347E7}.Release|Any CPU.ActiveCfg = Release|Any CPU
		{86935658-10A9-4C80-A20A-E2BFA77347E7}.Release|Any CPU.Build.0 = Release|Any CPU
		{86935658-10A9-4C80-A20A-E2BFA77347E7}.Release|x64.ActiveCfg = Release|Any CPU
		{86935658-10A9-4C80-A20A-E2BFA77347E7}.Release|x64.Build.0 = Release|Any CPU
		{86935658-10A9-4C80-A20A-E2BFA77347E7}.Release|x86.ActiveCfg = Release|Any CPU
		{86935658-10A9-4C80-A20A-E2BFA77347E7}.Release|x86.Build.0 = Release|Any CPU
		{61D31322-97D6-4552-9167-B94EB6B62B17}.Debug|Any CPU.ActiveCfg = Debug|Any CPU
		{61D31322-97D6-4552-9167-B94EB6B62B17}.Debug|Any CPU.Build.0 = Debug|Any CPU
		{61D31322-97D6-4552-9167-B94EB6B62B17}.Debug|x64.ActiveCfg = Debug|Any CPU
		{61D31322-97D6-4552-9167-B94EB6B62B17}.Debug|x64.Build.0 = Debug|Any CPU
		{61D31322-97D6-4552-9167-B94EB6B62B17}.Debug|x86.ActiveCfg = Debug|Any CPU
		{61D31322-97D6-4552-9167-B94EB6B62B17}.Debug|x86.Build.0 = Debug|Any CPU
		{61D31322-97D6-4552-9167-B94EB6B62B17}.Release|Any CPU.ActiveCfg = Release|Any CPU
		{61D31322-97D6-4552-9167-B94EB6B62B17}.Release|Any CPU.Build.0 = Release|Any CPU
		{61D31322-97D6-4552-9167-B94EB6B62B17}.Release|x64.ActiveCfg = Release|Any CPU
		{61D31322-97D6-4552-9167-B94EB6B62B17}.Release|x64.Build.0 = Release|Any CPU
		{61D31322-97D6-4552-9167-B94EB6B62B17}.Release|x86.ActiveCfg = Release|Any CPU
		{61D31322-97D6-4552-9167-B94EB6B62B17}.Release|x86.Build.0 = Release|Any CPU
		{5D3AA1B8-DBC5-44F1-B9F4-44A4EA651DF8}.Debug|Any CPU.ActiveCfg = Debug|Any CPU
		{5D3AA1B8-DBC5-44F1-B9F4-44A4EA651DF8}.Debug|Any CPU.Build.0 = Debug|Any CPU
		{5D3AA1B8-DBC5-44F1-B9F4-44A4EA651DF8}.Debug|x64.ActiveCfg = Debug|Any CPU
		{5D3AA1B8-DBC5-44F1-B9F4-44A4EA651DF8}.Debug|x64.Build.0 = Debug|Any CPU
		{5D3AA1B8-DBC5-44F1-B9F4-44A4EA651DF8}.Debug|x86.ActiveCfg = Debug|Any CPU
		{5D3AA1B8-DBC5-44F1-B9F4-44A4EA651DF8}.Debug|x86.Build.0 = Debug|Any CPU
		{5D3AA1B8-DBC5-44F1-B9F4-44A4EA651DF8}.Release|Any CPU.ActiveCfg = Release|Any CPU
		{5D3AA1B8-DBC5-44F1-B9F4-44A4EA651DF8}.Release|Any CPU.Build.0 = Release|Any CPU
		{5D3AA1B8-DBC5-44F1-B9F4-44A4EA651DF8}.Release|x64.ActiveCfg = Release|Any CPU
		{5D3AA1B8-DBC5-44F1-B9F4-44A4EA651DF8}.Release|x64.Build.0 = Release|Any CPU
		{5D3AA1B8-DBC5-44F1-B9F4-44A4EA651DF8}.Release|x86.ActiveCfg = Release|Any CPU
		{5D3AA1B8-DBC5-44F1-B9F4-44A4EA651DF8}.Release|x86.Build.0 = Release|Any CPU
		{C52B6FFE-729F-4FC4-96E8-5F97FC9B74A4}.Debug|Any CPU.ActiveCfg = Debug|Any CPU
		{C52B6FFE-729F-4FC4-96E8-5F97FC9B74A4}.Debug|Any CPU.Build.0 = Debug|Any CPU
		{C52B6FFE-729F-4FC4-96E8-5F97FC9B74A4}.Debug|x64.ActiveCfg = Debug|Any CPU
		{C52B6FFE-729F-4FC4-96E8-5F97FC9B74A4}.Debug|x64.Build.0 = Debug|Any CPU
		{C52B6FFE-729F-4FC4-96E8-5F97FC9B74A4}.Debug|x86.ActiveCfg = Debug|Any CPU
		{C52B6FFE-729F-4FC4-96E8-5F97FC9B74A4}.Debug|x86.Build.0 = Debug|Any CPU
		{C52B6FFE-729F-4FC4-96E8-5F97FC9B74A4}.Release|Any CPU.ActiveCfg = Debug|Any CPU
		{C52B6FFE-729F-4FC4-96E8-5F97FC9B74A4}.Release|Any CPU.Build.0 = Debug|Any CPU
		{C52B6FFE-729F-4FC4-96E8-5F97FC9B74A4}.Release|x64.ActiveCfg = Debug|Any CPU
		{C52B6FFE-729F-4FC4-96E8-5F97FC9B74A4}.Release|x64.Build.0 = Debug|Any CPU
		{C52B6FFE-729F-4FC4-96E8-5F97FC9B74A4}.Release|x86.ActiveCfg = Debug|Any CPU
		{C52B6FFE-729F-4FC4-96E8-5F97FC9B74A4}.Release|x86.Build.0 = Debug|Any CPU
		{310F3415-9294-42BD-8864-3149981C555F}.Debug|Any CPU.ActiveCfg = Debug|Any CPU
		{310F3415-9294-42BD-8864-3149981C555F}.Debug|Any CPU.Build.0 = Debug|Any CPU
		{310F3415-9294-42BD-8864-3149981C555F}.Debug|x64.ActiveCfg = Debug|Any CPU
		{310F3415-9294-42BD-8864-3149981C555F}.Debug|x64.Build.0 = Debug|Any CPU
		{310F3415-9294-42BD-8864-3149981C555F}.Debug|x86.ActiveCfg = Debug|Any CPU
		{310F3415-9294-42BD-8864-3149981C555F}.Debug|x86.Build.0 = Debug|Any CPU
		{310F3415-9294-42BD-8864-3149981C555F}.Release|Any CPU.ActiveCfg = Release|Any CPU
		{310F3415-9294-42BD-8864-3149981C555F}.Release|Any CPU.Build.0 = Release|Any CPU
		{310F3415-9294-42BD-8864-3149981C555F}.Release|x64.ActiveCfg = Release|Any CPU
		{310F3415-9294-42BD-8864-3149981C555F}.Release|x64.Build.0 = Release|Any CPU
		{310F3415-9294-42BD-8864-3149981C555F}.Release|x86.ActiveCfg = Release|Any CPU
		{310F3415-9294-42BD-8864-3149981C555F}.Release|x86.Build.0 = Release|Any CPU
		{1EA52A6A-7583-40AA-9CF3-414753BBB4D9}.Debug|Any CPU.ActiveCfg = Debug|Any CPU
		{1EA52A6A-7583-40AA-9CF3-414753BBB4D9}.Debug|Any CPU.Build.0 = Debug|Any CPU
		{1EA52A6A-7583-40AA-9CF3-414753BBB4D9}.Debug|x64.ActiveCfg = Debug|Any CPU
		{1EA52A6A-7583-40AA-9CF3-414753BBB4D9}.Debug|x64.Build.0 = Debug|Any CPU
		{1EA52A6A-7583-40AA-9CF3-414753BBB4D9}.Debug|x86.ActiveCfg = Debug|Any CPU
		{1EA52A6A-7583-40AA-9CF3-414753BBB4D9}.Debug|x86.Build.0 = Debug|Any CPU
		{1EA52A6A-7583-40AA-9CF3-414753BBB4D9}.Release|Any CPU.ActiveCfg = Release|Any CPU
		{1EA52A6A-7583-40AA-9CF3-414753BBB4D9}.Release|Any CPU.Build.0 = Release|Any CPU
		{1EA52A6A-7583-40AA-9CF3-414753BBB4D9}.Release|x64.ActiveCfg = Release|Any CPU
		{1EA52A6A-7583-40AA-9CF3-414753BBB4D9}.Release|x64.Build.0 = Release|Any CPU
		{1EA52A6A-7583-40AA-9CF3-414753BBB4D9}.Release|x86.ActiveCfg = Release|Any CPU
		{1EA52A6A-7583-40AA-9CF3-414753BBB4D9}.Release|x86.Build.0 = Release|Any CPU
		{03126F33-4289-4B37-9E51-2C36E298AA0A}.Debug|Any CPU.ActiveCfg = Debug|Any CPU
		{03126F33-4289-4B37-9E51-2C36E298AA0A}.Debug|Any CPU.Build.0 = Debug|Any CPU
		{03126F33-4289-4B37-9E51-2C36E298AA0A}.Debug|x64.ActiveCfg = Debug|Any CPU
		{03126F33-4289-4B37-9E51-2C36E298AA0A}.Debug|x64.Build.0 = Debug|Any CPU
		{03126F33-4289-4B37-9E51-2C36E298AA0A}.Debug|x86.ActiveCfg = Debug|Any CPU
		{03126F33-4289-4B37-9E51-2C36E298AA0A}.Debug|x86.Build.0 = Debug|Any CPU
		{03126F33-4289-4B37-9E51-2C36E298AA0A}.Release|Any CPU.ActiveCfg = Release|Any CPU
		{03126F33-4289-4B37-9E51-2C36E298AA0A}.Release|Any CPU.Build.0 = Release|Any CPU
		{03126F33-4289-4B37-9E51-2C36E298AA0A}.Release|x64.ActiveCfg = Release|Any CPU
		{03126F33-4289-4B37-9E51-2C36E298AA0A}.Release|x64.Build.0 = Release|Any CPU
		{03126F33-4289-4B37-9E51-2C36E298AA0A}.Release|x86.ActiveCfg = Release|Any CPU
		{03126F33-4289-4B37-9E51-2C36E298AA0A}.Release|x86.Build.0 = Release|Any CPU
		{6F153C9D-84B4-4C54-A7C8-E75C2C0DA0F2}.Debug|Any CPU.ActiveCfg = Debug|Any CPU
		{6F153C9D-84B4-4C54-A7C8-E75C2C0DA0F2}.Debug|Any CPU.Build.0 = Debug|Any CPU
		{6F153C9D-84B4-4C54-A7C8-E75C2C0DA0F2}.Debug|x64.ActiveCfg = Debug|Any CPU
		{6F153C9D-84B4-4C54-A7C8-E75C2C0DA0F2}.Debug|x64.Build.0 = Debug|Any CPU
		{6F153C9D-84B4-4C54-A7C8-E75C2C0DA0F2}.Debug|x86.ActiveCfg = Debug|Any CPU
		{6F153C9D-84B4-4C54-A7C8-E75C2C0DA0F2}.Debug|x86.Build.0 = Debug|Any CPU
		{6F153C9D-84B4-4C54-A7C8-E75C2C0DA0F2}.Release|Any CPU.ActiveCfg = Release|Any CPU
		{6F153C9D-84B4-4C54-A7C8-E75C2C0DA0F2}.Release|Any CPU.Build.0 = Release|Any CPU
		{6F153C9D-84B4-4C54-A7C8-E75C2C0DA0F2}.Release|x64.ActiveCfg = Release|Any CPU
		{6F153C9D-84B4-4C54-A7C8-E75C2C0DA0F2}.Release|x64.Build.0 = Release|Any CPU
		{6F153C9D-84B4-4C54-A7C8-E75C2C0DA0F2}.Release|x86.ActiveCfg = Release|Any CPU
		{6F153C9D-84B4-4C54-A7C8-E75C2C0DA0F2}.Release|x86.Build.0 = Release|Any CPU
		{EAB1CD23-BBA3-414F-8810-B04415E9C9BD}.Debug|Any CPU.ActiveCfg = Debug|Any CPU
		{EAB1CD23-BBA3-414F-8810-B04415E9C9BD}.Debug|Any CPU.Build.0 = Debug|Any CPU
		{EAB1CD23-BBA3-414F-8810-B04415E9C9BD}.Debug|x64.ActiveCfg = Debug|Any CPU
		{EAB1CD23-BBA3-414F-8810-B04415E9C9BD}.Debug|x64.Build.0 = Debug|Any CPU
		{EAB1CD23-BBA3-414F-8810-B04415E9C9BD}.Debug|x86.ActiveCfg = Debug|Any CPU
		{EAB1CD23-BBA3-414F-8810-B04415E9C9BD}.Debug|x86.Build.0 = Debug|Any CPU
		{EAB1CD23-BBA3-414F-8810-B04415E9C9BD}.Release|Any CPU.ActiveCfg = Release|Any CPU
		{EAB1CD23-BBA3-414F-8810-B04415E9C9BD}.Release|Any CPU.Build.0 = Release|Any CPU
		{EAB1CD23-BBA3-414F-8810-B04415E9C9BD}.Release|x64.ActiveCfg = Release|Any CPU
		{EAB1CD23-BBA3-414F-8810-B04415E9C9BD}.Release|x64.Build.0 = Release|Any CPU
		{EAB1CD23-BBA3-414F-8810-B04415E9C9BD}.Release|x86.ActiveCfg = Release|Any CPU
		{EAB1CD23-BBA3-414F-8810-B04415E9C9BD}.Release|x86.Build.0 = Release|Any CPU
		{2621A426-AFE4-4B6F-805F-66C533442076}.Debug|Any CPU.ActiveCfg = Debug|Any CPU
		{2621A426-AFE4-4B6F-805F-66C533442076}.Debug|Any CPU.Build.0 = Debug|Any CPU
		{2621A426-AFE4-4B6F-805F-66C533442076}.Debug|x64.ActiveCfg = Debug|Any CPU
		{2621A426-AFE4-4B6F-805F-66C533442076}.Debug|x64.Build.0 = Debug|Any CPU
		{2621A426-AFE4-4B6F-805F-66C533442076}.Debug|x86.ActiveCfg = Debug|Any CPU
		{2621A426-AFE4-4B6F-805F-66C533442076}.Debug|x86.Build.0 = Debug|Any CPU
		{2621A426-AFE4-4B6F-805F-66C533442076}.Release|Any CPU.ActiveCfg = Release|Any CPU
		{2621A426-AFE4-4B6F-805F-66C533442076}.Release|Any CPU.Build.0 = Release|Any CPU
		{2621A426-AFE4-4B6F-805F-66C533442076}.Release|x64.ActiveCfg = Release|Any CPU
		{2621A426-AFE4-4B6F-805F-66C533442076}.Release|x64.Build.0 = Release|Any CPU
		{2621A426-AFE4-4B6F-805F-66C533442076}.Release|x86.ActiveCfg = Release|Any CPU
		{2621A426-AFE4-4B6F-805F-66C533442076}.Release|x86.Build.0 = Release|Any CPU
		{7B4606A7-77D0-42AA-91ED-B5B6963AD830}.Debug|Any CPU.ActiveCfg = Debug|Any CPU
		{7B4606A7-77D0-42AA-91ED-B5B6963AD830}.Debug|Any CPU.Build.0 = Debug|Any CPU
		{7B4606A7-77D0-42AA-91ED-B5B6963AD830}.Debug|x64.ActiveCfg = Debug|Any CPU
		{7B4606A7-77D0-42AA-91ED-B5B6963AD830}.Debug|x64.Build.0 = Debug|Any CPU
		{7B4606A7-77D0-42AA-91ED-B5B6963AD830}.Debug|x86.ActiveCfg = Debug|Any CPU
		{7B4606A7-77D0-42AA-91ED-B5B6963AD830}.Debug|x86.Build.0 = Debug|Any CPU
		{7B4606A7-77D0-42AA-91ED-B5B6963AD830}.Release|Any CPU.ActiveCfg = Release|Any CPU
		{7B4606A7-77D0-42AA-91ED-B5B6963AD830}.Release|Any CPU.Build.0 = Release|Any CPU
		{7B4606A7-77D0-42AA-91ED-B5B6963AD830}.Release|x64.ActiveCfg = Release|Any CPU
		{7B4606A7-77D0-42AA-91ED-B5B6963AD830}.Release|x64.Build.0 = Release|Any CPU
		{7B4606A7-77D0-42AA-91ED-B5B6963AD830}.Release|x86.ActiveCfg = Release|Any CPU
		{7B4606A7-77D0-42AA-91ED-B5B6963AD830}.Release|x86.Build.0 = Release|Any CPU
		{6CAA27E5-E972-4BC5-938E-20AABE70B511}.Debug|Any CPU.ActiveCfg = Debug|Any CPU
		{6CAA27E5-E972-4BC5-938E-20AABE70B511}.Debug|Any CPU.Build.0 = Debug|Any CPU
		{6CAA27E5-E972-4BC5-938E-20AABE70B511}.Debug|x64.ActiveCfg = Debug|Any CPU
		{6CAA27E5-E972-4BC5-938E-20AABE70B511}.Debug|x64.Build.0 = Debug|Any CPU
		{6CAA27E5-E972-4BC5-938E-20AABE70B511}.Debug|x86.ActiveCfg = Debug|Any CPU
		{6CAA27E5-E972-4BC5-938E-20AABE70B511}.Debug|x86.Build.0 = Debug|Any CPU
		{6CAA27E5-E972-4BC5-938E-20AABE70B511}.Release|Any CPU.ActiveCfg = Release|Any CPU
		{6CAA27E5-E972-4BC5-938E-20AABE70B511}.Release|Any CPU.Build.0 = Release|Any CPU
		{6CAA27E5-E972-4BC5-938E-20AABE70B511}.Release|x64.ActiveCfg = Release|Any CPU
		{6CAA27E5-E972-4BC5-938E-20AABE70B511}.Release|x64.Build.0 = Release|Any CPU
		{6CAA27E5-E972-4BC5-938E-20AABE70B511}.Release|x86.ActiveCfg = Release|Any CPU
		{6CAA27E5-E972-4BC5-938E-20AABE70B511}.Release|x86.Build.0 = Release|Any CPU
		{58275A23-9373-437F-BCB5-AB07B2AEC363}.Debug|Any CPU.ActiveCfg = Debug|Any CPU
		{58275A23-9373-437F-BCB5-AB07B2AEC363}.Debug|Any CPU.Build.0 = Debug|Any CPU
		{58275A23-9373-437F-BCB5-AB07B2AEC363}.Debug|x64.ActiveCfg = Debug|Any CPU
		{58275A23-9373-437F-BCB5-AB07B2AEC363}.Debug|x64.Build.0 = Debug|Any CPU
		{58275A23-9373-437F-BCB5-AB07B2AEC363}.Debug|x86.ActiveCfg = Debug|Any CPU
		{58275A23-9373-437F-BCB5-AB07B2AEC363}.Debug|x86.Build.0 = Debug|Any CPU
		{58275A23-9373-437F-BCB5-AB07B2AEC363}.Release|Any CPU.ActiveCfg = Release|Any CPU
		{58275A23-9373-437F-BCB5-AB07B2AEC363}.Release|Any CPU.Build.0 = Release|Any CPU
		{58275A23-9373-437F-BCB5-AB07B2AEC363}.Release|x64.ActiveCfg = Release|Any CPU
		{58275A23-9373-437F-BCB5-AB07B2AEC363}.Release|x64.Build.0 = Release|Any CPU
		{58275A23-9373-437F-BCB5-AB07B2AEC363}.Release|x86.ActiveCfg = Release|Any CPU
		{58275A23-9373-437F-BCB5-AB07B2AEC363}.Release|x86.Build.0 = Release|Any CPU
		{B4063B6C-7E29-491A-9B13-9AB6867B0F99}.Debug|Any CPU.ActiveCfg = Debug|Any CPU
		{B4063B6C-7E29-491A-9B13-9AB6867B0F99}.Debug|Any CPU.Build.0 = Debug|Any CPU
		{B4063B6C-7E29-491A-9B13-9AB6867B0F99}.Debug|x64.ActiveCfg = Debug|Any CPU
		{B4063B6C-7E29-491A-9B13-9AB6867B0F99}.Debug|x64.Build.0 = Debug|Any CPU
		{B4063B6C-7E29-491A-9B13-9AB6867B0F99}.Debug|x86.ActiveCfg = Debug|Any CPU
		{B4063B6C-7E29-491A-9B13-9AB6867B0F99}.Debug|x86.Build.0 = Debug|Any CPU
		{B4063B6C-7E29-491A-9B13-9AB6867B0F99}.Release|Any CPU.ActiveCfg = Release|Any CPU
		{B4063B6C-7E29-491A-9B13-9AB6867B0F99}.Release|Any CPU.Build.0 = Release|Any CPU
		{B4063B6C-7E29-491A-9B13-9AB6867B0F99}.Release|x64.ActiveCfg = Release|Any CPU
		{B4063B6C-7E29-491A-9B13-9AB6867B0F99}.Release|x64.Build.0 = Release|Any CPU
		{B4063B6C-7E29-491A-9B13-9AB6867B0F99}.Release|x86.ActiveCfg = Release|Any CPU
		{B4063B6C-7E29-491A-9B13-9AB6867B0F99}.Release|x86.Build.0 = Release|Any CPU
		{EEAC9F90-64E7-47BA-B557-020F2EBE02F3}.Debug|Any CPU.ActiveCfg = Debug|Any CPU
		{EEAC9F90-64E7-47BA-B557-020F2EBE02F3}.Debug|Any CPU.Build.0 = Debug|Any CPU
		{EEAC9F90-64E7-47BA-B557-020F2EBE02F3}.Debug|x64.ActiveCfg = Debug|Any CPU
		{EEAC9F90-64E7-47BA-B557-020F2EBE02F3}.Debug|x64.Build.0 = Debug|Any CPU
		{EEAC9F90-64E7-47BA-B557-020F2EBE02F3}.Debug|x86.ActiveCfg = Debug|Any CPU
		{EEAC9F90-64E7-47BA-B557-020F2EBE02F3}.Debug|x86.Build.0 = Debug|Any CPU
		{EEAC9F90-64E7-47BA-B557-020F2EBE02F3}.Release|Any CPU.ActiveCfg = Release|Any CPU
		{EEAC9F90-64E7-47BA-B557-020F2EBE02F3}.Release|Any CPU.Build.0 = Release|Any CPU
		{EEAC9F90-64E7-47BA-B557-020F2EBE02F3}.Release|x64.ActiveCfg = Release|Any CPU
		{EEAC9F90-64E7-47BA-B557-020F2EBE02F3}.Release|x64.Build.0 = Release|Any CPU
		{EEAC9F90-64E7-47BA-B557-020F2EBE02F3}.Release|x86.ActiveCfg = Release|Any CPU
		{EEAC9F90-64E7-47BA-B557-020F2EBE02F3}.Release|x86.Build.0 = Release|Any CPU
		{EC29C4CD-911F-43A9-83AE-F294A31FADA5}.Debug|Any CPU.ActiveCfg = Debug|Any CPU
		{EC29C4CD-911F-43A9-83AE-F294A31FADA5}.Debug|Any CPU.Build.0 = Debug|Any CPU
		{EC29C4CD-911F-43A9-83AE-F294A31FADA5}.Debug|x64.ActiveCfg = Debug|Any CPU
		{EC29C4CD-911F-43A9-83AE-F294A31FADA5}.Debug|x64.Build.0 = Debug|Any CPU
		{EC29C4CD-911F-43A9-83AE-F294A31FADA5}.Debug|x86.ActiveCfg = Debug|Any CPU
		{EC29C4CD-911F-43A9-83AE-F294A31FADA5}.Debug|x86.Build.0 = Debug|Any CPU
		{EC29C4CD-911F-43A9-83AE-F294A31FADA5}.Release|Any CPU.ActiveCfg = Release|Any CPU
		{EC29C4CD-911F-43A9-83AE-F294A31FADA5}.Release|Any CPU.Build.0 = Release|Any CPU
		{EC29C4CD-911F-43A9-83AE-F294A31FADA5}.Release|x64.ActiveCfg = Release|Any CPU
		{EC29C4CD-911F-43A9-83AE-F294A31FADA5}.Release|x64.Build.0 = Release|Any CPU
		{EC29C4CD-911F-43A9-83AE-F294A31FADA5}.Release|x86.ActiveCfg = Release|Any CPU
		{EC29C4CD-911F-43A9-83AE-F294A31FADA5}.Release|x86.Build.0 = Release|Any CPU
		{BD081A84-BB62-45CF-8433-3A03BF91A6EB}.Debug|Any CPU.ActiveCfg = Debug|Win32
		{BD081A84-BB62-45CF-8433-3A03BF91A6EB}.Debug|Any CPU.Build.0 = Debug|Win32
		{BD081A84-BB62-45CF-8433-3A03BF91A6EB}.Debug|x64.ActiveCfg = Debug|x64
		{BD081A84-BB62-45CF-8433-3A03BF91A6EB}.Debug|x64.Build.0 = Debug|x64
		{BD081A84-BB62-45CF-8433-3A03BF91A6EB}.Debug|x86.ActiveCfg = Debug|Win32
		{BD081A84-BB62-45CF-8433-3A03BF91A6EB}.Debug|x86.Build.0 = Debug|Win32
		{BD081A84-BB62-45CF-8433-3A03BF91A6EB}.Release|Any CPU.ActiveCfg = Release|Win32
		{BD081A84-BB62-45CF-8433-3A03BF91A6EB}.Release|x64.ActiveCfg = Release|x64
		{BD081A84-BB62-45CF-8433-3A03BF91A6EB}.Release|x64.Build.0 = Release|x64
		{BD081A84-BB62-45CF-8433-3A03BF91A6EB}.Release|x86.ActiveCfg = Release|Win32
		{BD081A84-BB62-45CF-8433-3A03BF91A6EB}.Release|x86.Build.0 = Release|Win32
		{80FCBDA7-F00A-4546-931E-8E59BB7A1944}.Debug|Any CPU.ActiveCfg = Debug|Any CPU
		{80FCBDA7-F00A-4546-931E-8E59BB7A1944}.Debug|Any CPU.Build.0 = Debug|Any CPU
		{80FCBDA7-F00A-4546-931E-8E59BB7A1944}.Debug|x64.ActiveCfg = Debug|Any CPU
		{80FCBDA7-F00A-4546-931E-8E59BB7A1944}.Debug|x64.Build.0 = Debug|Any CPU
		{80FCBDA7-F00A-4546-931E-8E59BB7A1944}.Debug|x86.ActiveCfg = Debug|Any CPU
		{80FCBDA7-F00A-4546-931E-8E59BB7A1944}.Debug|x86.Build.0 = Debug|Any CPU
		{80FCBDA7-F00A-4546-931E-8E59BB7A1944}.Release|Any CPU.ActiveCfg = Release|Any CPU
		{80FCBDA7-F00A-4546-931E-8E59BB7A1944}.Release|Any CPU.Build.0 = Release|Any CPU
		{80FCBDA7-F00A-4546-931E-8E59BB7A1944}.Release|x64.ActiveCfg = Release|Any CPU
		{80FCBDA7-F00A-4546-931E-8E59BB7A1944}.Release|x64.Build.0 = Release|Any CPU
		{80FCBDA7-F00A-4546-931E-8E59BB7A1944}.Release|x86.ActiveCfg = Release|Any CPU
		{80FCBDA7-F00A-4546-931E-8E59BB7A1944}.Release|x86.Build.0 = Release|Any CPU
		{2611F8B6-2A95-4DE4-BD29-E758EA1DDB47}.Debug|Any CPU.ActiveCfg = Debug|Any CPU
		{2611F8B6-2A95-4DE4-BD29-E758EA1DDB47}.Debug|Any CPU.Build.0 = Debug|Any CPU
		{2611F8B6-2A95-4DE4-BD29-E758EA1DDB47}.Debug|x64.ActiveCfg = Debug|Any CPU
		{2611F8B6-2A95-4DE4-BD29-E758EA1DDB47}.Debug|x64.Build.0 = Debug|Any CPU
		{2611F8B6-2A95-4DE4-BD29-E758EA1DDB47}.Debug|x86.ActiveCfg = Debug|Any CPU
		{2611F8B6-2A95-4DE4-BD29-E758EA1DDB47}.Debug|x86.Build.0 = Debug|Any CPU
		{2611F8B6-2A95-4DE4-BD29-E758EA1DDB47}.Release|Any CPU.ActiveCfg = Release|Any CPU
		{2611F8B6-2A95-4DE4-BD29-E758EA1DDB47}.Release|Any CPU.Build.0 = Release|Any CPU
		{2611F8B6-2A95-4DE4-BD29-E758EA1DDB47}.Release|x64.ActiveCfg = Release|Any CPU
		{2611F8B6-2A95-4DE4-BD29-E758EA1DDB47}.Release|x64.Build.0 = Release|Any CPU
		{2611F8B6-2A95-4DE4-BD29-E758EA1DDB47}.Release|x86.ActiveCfg = Release|Any CPU
		{2611F8B6-2A95-4DE4-BD29-E758EA1DDB47}.Release|x86.Build.0 = Release|Any CPU
		{BA4EB5CB-E720-41BA-92AB-8DFAAD1BA32E}.Debug|Any CPU.ActiveCfg = Debug|Any CPU
		{BA4EB5CB-E720-41BA-92AB-8DFAAD1BA32E}.Debug|Any CPU.Build.0 = Debug|Any CPU
		{BA4EB5CB-E720-41BA-92AB-8DFAAD1BA32E}.Debug|x64.ActiveCfg = Debug|Any CPU
		{BA4EB5CB-E720-41BA-92AB-8DFAAD1BA32E}.Debug|x64.Build.0 = Debug|Any CPU
		{BA4EB5CB-E720-41BA-92AB-8DFAAD1BA32E}.Debug|x86.ActiveCfg = Debug|Any CPU
		{BA4EB5CB-E720-41BA-92AB-8DFAAD1BA32E}.Debug|x86.Build.0 = Debug|Any CPU
		{BA4EB5CB-E720-41BA-92AB-8DFAAD1BA32E}.Release|Any CPU.ActiveCfg = Release|Any CPU
		{BA4EB5CB-E720-41BA-92AB-8DFAAD1BA32E}.Release|Any CPU.Build.0 = Release|Any CPU
		{BA4EB5CB-E720-41BA-92AB-8DFAAD1BA32E}.Release|x64.ActiveCfg = Release|Any CPU
		{BA4EB5CB-E720-41BA-92AB-8DFAAD1BA32E}.Release|x64.Build.0 = Release|Any CPU
		{BA4EB5CB-E720-41BA-92AB-8DFAAD1BA32E}.Release|x86.ActiveCfg = Release|Any CPU
		{BA4EB5CB-E720-41BA-92AB-8DFAAD1BA32E}.Release|x86.Build.0 = Release|Any CPU
		{F42A4450-C0FF-4C57-AEB0-A5EEF79F08AD}.Debug|Any CPU.ActiveCfg = Debug|Any CPU
		{F42A4450-C0FF-4C57-AEB0-A5EEF79F08AD}.Debug|Any CPU.Build.0 = Debug|Any CPU
		{F42A4450-C0FF-4C57-AEB0-A5EEF79F08AD}.Debug|x64.ActiveCfg = Debug|Any CPU
		{F42A4450-C0FF-4C57-AEB0-A5EEF79F08AD}.Debug|x64.Build.0 = Debug|Any CPU
		{F42A4450-C0FF-4C57-AEB0-A5EEF79F08AD}.Debug|x86.ActiveCfg = Debug|Any CPU
		{F42A4450-C0FF-4C57-AEB0-A5EEF79F08AD}.Debug|x86.Build.0 = Debug|Any CPU
		{F42A4450-C0FF-4C57-AEB0-A5EEF79F08AD}.Release|Any CPU.ActiveCfg = Release|Any CPU
		{F42A4450-C0FF-4C57-AEB0-A5EEF79F08AD}.Release|Any CPU.Build.0 = Release|Any CPU
		{F42A4450-C0FF-4C57-AEB0-A5EEF79F08AD}.Release|x64.ActiveCfg = Release|Any CPU
		{F42A4450-C0FF-4C57-AEB0-A5EEF79F08AD}.Release|x64.Build.0 = Release|Any CPU
		{F42A4450-C0FF-4C57-AEB0-A5EEF79F08AD}.Release|x86.ActiveCfg = Release|Any CPU
		{F42A4450-C0FF-4C57-AEB0-A5EEF79F08AD}.Release|x86.Build.0 = Release|Any CPU
		{12936AB9-CD2D-4655-BFE3-894A4AA70F8C}.Debug|Any CPU.ActiveCfg = Debug|Any CPU
		{12936AB9-CD2D-4655-BFE3-894A4AA70F8C}.Debug|Any CPU.Build.0 = Debug|Any CPU
		{12936AB9-CD2D-4655-BFE3-894A4AA70F8C}.Debug|x64.ActiveCfg = Debug|Any CPU
		{12936AB9-CD2D-4655-BFE3-894A4AA70F8C}.Debug|x64.Build.0 = Debug|Any CPU
		{12936AB9-CD2D-4655-BFE3-894A4AA70F8C}.Debug|x86.ActiveCfg = Debug|Any CPU
		{12936AB9-CD2D-4655-BFE3-894A4AA70F8C}.Debug|x86.Build.0 = Debug|Any CPU
		{12936AB9-CD2D-4655-BFE3-894A4AA70F8C}.Release|Any CPU.ActiveCfg = Release|Any CPU
		{12936AB9-CD2D-4655-BFE3-894A4AA70F8C}.Release|Any CPU.Build.0 = Release|Any CPU
		{12936AB9-CD2D-4655-BFE3-894A4AA70F8C}.Release|x64.ActiveCfg = Release|Any CPU
		{12936AB9-CD2D-4655-BFE3-894A4AA70F8C}.Release|x64.Build.0 = Release|Any CPU
		{12936AB9-CD2D-4655-BFE3-894A4AA70F8C}.Release|x86.ActiveCfg = Release|Any CPU
		{12936AB9-CD2D-4655-BFE3-894A4AA70F8C}.Release|x86.Build.0 = Release|Any CPU
		{321277BA-1483-40B4-B658-44167C791E66}.Debug|Any CPU.ActiveCfg = Debug|Any CPU
		{321277BA-1483-40B4-B658-44167C791E66}.Debug|Any CPU.Build.0 = Debug|Any CPU
		{321277BA-1483-40B4-B658-44167C791E66}.Debug|x64.ActiveCfg = Debug|Any CPU
		{321277BA-1483-40B4-B658-44167C791E66}.Debug|x64.Build.0 = Debug|Any CPU
		{321277BA-1483-40B4-B658-44167C791E66}.Debug|x86.ActiveCfg = Debug|Any CPU
		{321277BA-1483-40B4-B658-44167C791E66}.Debug|x86.Build.0 = Debug|Any CPU
		{321277BA-1483-40B4-B658-44167C791E66}.Release|Any CPU.ActiveCfg = Release|Any CPU
		{321277BA-1483-40B4-B658-44167C791E66}.Release|Any CPU.Build.0 = Release|Any CPU
		{321277BA-1483-40B4-B658-44167C791E66}.Release|x64.ActiveCfg = Release|Any CPU
		{321277BA-1483-40B4-B658-44167C791E66}.Release|x64.Build.0 = Release|Any CPU
		{321277BA-1483-40B4-B658-44167C791E66}.Release|x86.ActiveCfg = Release|Any CPU
		{321277BA-1483-40B4-B658-44167C791E66}.Release|x86.Build.0 = Release|Any CPU
		{CBFE4DE1-3A83-481E-9DF0-E231253E7A81}.Debug|Any CPU.ActiveCfg = Debug|Any CPU
		{CBFE4DE1-3A83-481E-9DF0-E231253E7A81}.Debug|Any CPU.Build.0 = Debug|Any CPU
		{CBFE4DE1-3A83-481E-9DF0-E231253E7A81}.Debug|x64.ActiveCfg = Debug|Any CPU
		{CBFE4DE1-3A83-481E-9DF0-E231253E7A81}.Debug|x64.Build.0 = Debug|Any CPU
		{CBFE4DE1-3A83-481E-9DF0-E231253E7A81}.Debug|x86.ActiveCfg = Debug|Any CPU
		{CBFE4DE1-3A83-481E-9DF0-E231253E7A81}.Debug|x86.Build.0 = Debug|Any CPU
		{CBFE4DE1-3A83-481E-9DF0-E231253E7A81}.Release|Any CPU.ActiveCfg = Release|Any CPU
		{CBFE4DE1-3A83-481E-9DF0-E231253E7A81}.Release|Any CPU.Build.0 = Release|Any CPU
		{CBFE4DE1-3A83-481E-9DF0-E231253E7A81}.Release|x64.ActiveCfg = Release|Any CPU
		{CBFE4DE1-3A83-481E-9DF0-E231253E7A81}.Release|x64.Build.0 = Release|Any CPU
		{CBFE4DE1-3A83-481E-9DF0-E231253E7A81}.Release|x86.ActiveCfg = Release|Any CPU
		{CBFE4DE1-3A83-481E-9DF0-E231253E7A81}.Release|x86.Build.0 = Release|Any CPU
		{7A346CFF-4B86-467D-B01B-7FD1A200C3E2}.Debug|Any CPU.ActiveCfg = Debug|Any CPU
		{7A346CFF-4B86-467D-B01B-7FD1A200C3E2}.Debug|Any CPU.Build.0 = Debug|Any CPU
		{7A346CFF-4B86-467D-B01B-7FD1A200C3E2}.Debug|x64.ActiveCfg = Debug|Any CPU
		{7A346CFF-4B86-467D-B01B-7FD1A200C3E2}.Debug|x64.Build.0 = Debug|Any CPU
		{7A346CFF-4B86-467D-B01B-7FD1A200C3E2}.Debug|x86.ActiveCfg = Debug|Any CPU
		{7A346CFF-4B86-467D-B01B-7FD1A200C3E2}.Debug|x86.Build.0 = Debug|Any CPU
		{7A346CFF-4B86-467D-B01B-7FD1A200C3E2}.Release|Any CPU.ActiveCfg = Release|Any CPU
		{7A346CFF-4B86-467D-B01B-7FD1A200C3E2}.Release|Any CPU.Build.0 = Release|Any CPU
		{7A346CFF-4B86-467D-B01B-7FD1A200C3E2}.Release|x64.ActiveCfg = Release|Any CPU
		{7A346CFF-4B86-467D-B01B-7FD1A200C3E2}.Release|x64.Build.0 = Release|Any CPU
		{7A346CFF-4B86-467D-B01B-7FD1A200C3E2}.Release|x86.ActiveCfg = Release|Any CPU
		{7A346CFF-4B86-467D-B01B-7FD1A200C3E2}.Release|x86.Build.0 = Release|Any CPU
		{7AFC6FBC-8256-46D7-B881-97F45FAE48F8}.Debug|Any CPU.ActiveCfg = Debug|Any CPU
		{7AFC6FBC-8256-46D7-B881-97F45FAE48F8}.Debug|Any CPU.Build.0 = Debug|Any CPU
		{7AFC6FBC-8256-46D7-B881-97F45FAE48F8}.Debug|x64.ActiveCfg = Debug|Any CPU
		{7AFC6FBC-8256-46D7-B881-97F45FAE48F8}.Debug|x64.Build.0 = Debug|Any CPU
		{7AFC6FBC-8256-46D7-B881-97F45FAE48F8}.Debug|x86.ActiveCfg = Debug|Any CPU
		{7AFC6FBC-8256-46D7-B881-97F45FAE48F8}.Debug|x86.Build.0 = Debug|Any CPU
		{7AFC6FBC-8256-46D7-B881-97F45FAE48F8}.Release|Any CPU.ActiveCfg = Release|Any CPU
		{7AFC6FBC-8256-46D7-B881-97F45FAE48F8}.Release|Any CPU.Build.0 = Release|Any CPU
		{7AFC6FBC-8256-46D7-B881-97F45FAE48F8}.Release|x64.ActiveCfg = Release|Any CPU
		{7AFC6FBC-8256-46D7-B881-97F45FAE48F8}.Release|x64.Build.0 = Release|Any CPU
		{7AFC6FBC-8256-46D7-B881-97F45FAE48F8}.Release|x86.ActiveCfg = Release|Any CPU
		{7AFC6FBC-8256-46D7-B881-97F45FAE48F8}.Release|x86.Build.0 = Release|Any CPU
		{FEDF2692-BD58-4AC6-9B02-FDF7F79EC17E}.Debug|Any CPU.ActiveCfg = Debug|Any CPU
		{FEDF2692-BD58-4AC6-9B02-FDF7F79EC17E}.Debug|Any CPU.Build.0 = Debug|Any CPU
		{FEDF2692-BD58-4AC6-9B02-FDF7F79EC17E}.Debug|x64.ActiveCfg = Debug|Any CPU
		{FEDF2692-BD58-4AC6-9B02-FDF7F79EC17E}.Debug|x64.Build.0 = Debug|Any CPU
		{FEDF2692-BD58-4AC6-9B02-FDF7F79EC17E}.Debug|x86.ActiveCfg = Debug|Any CPU
		{FEDF2692-BD58-4AC6-9B02-FDF7F79EC17E}.Debug|x86.Build.0 = Debug|Any CPU
		{FEDF2692-BD58-4AC6-9B02-FDF7F79EC17E}.Release|Any CPU.ActiveCfg = Release|Any CPU
		{FEDF2692-BD58-4AC6-9B02-FDF7F79EC17E}.Release|Any CPU.Build.0 = Release|Any CPU
		{FEDF2692-BD58-4AC6-9B02-FDF7F79EC17E}.Release|x64.ActiveCfg = Release|Any CPU
		{FEDF2692-BD58-4AC6-9B02-FDF7F79EC17E}.Release|x64.Build.0 = Release|Any CPU
		{FEDF2692-BD58-4AC6-9B02-FDF7F79EC17E}.Release|x86.ActiveCfg = Release|Any CPU
		{FEDF2692-BD58-4AC6-9B02-FDF7F79EC17E}.Release|x86.Build.0 = Release|Any CPU
	EndGlobalSection
	GlobalSection(SolutionProperties) = preSolution
		HideSolutionNode = FALSE
	EndGlobalSection
	GlobalSection(NestedProjects) = preSolution
		{27B8819D-01EA-47A1-8CD9-75BA99BA08CB} = {6B37D2AC-6C6D-444F-8492-DA47118C7625}
		{7A0D3583-5847-4CCE-A7AA-690C34127EE3} = {B1502C3F-B929-4EE6-90D1-39C548CECAE7}
		{6B37D2AC-6C6D-444F-8492-DA47118C7625} = {B1502C3F-B929-4EE6-90D1-39C548CECAE7}
		{DED63B3E-03D2-4DDD-8229-F180A8E6515E} = {B1502C3F-B929-4EE6-90D1-39C548CECAE7}
		{728F9DBE-8312-47A8-B713-A911571A5DD8} = {6B37D2AC-6C6D-444F-8492-DA47118C7625}
		{909E8061-B711-45F5-8B7B-DF6854FE55A1} = {7A0D3583-5847-4CCE-A7AA-690C34127EE3}
		{EBF482FC-3E9E-4AB9-BFBE-CAF500964F33} = {6B37D2AC-6C6D-444F-8492-DA47118C7625}
		{7BDDD754-0CA2-4772-B25D-CF4998146FA4} = {6B37D2AC-6C6D-444F-8492-DA47118C7625}
		{86935658-10A9-4C80-A20A-E2BFA77347E7} = {DED63B3E-03D2-4DDD-8229-F180A8E6515E}
		{61D31322-97D6-4552-9167-B94EB6B62B17} = {99CDD04F-DFAB-46F3-8F43-ECBA51665848}
		{5D3AA1B8-DBC5-44F1-B9F4-44A4EA651DF8} = {6B37D2AC-6C6D-444F-8492-DA47118C7625}
		{C52B6FFE-729F-4FC4-96E8-5F97FC9B74A4} = {99CDD04F-DFAB-46F3-8F43-ECBA51665848}
		{310F3415-9294-42BD-8864-3149981C555F} = {99CDD04F-DFAB-46F3-8F43-ECBA51665848}
		{1EA52A6A-7583-40AA-9CF3-414753BBB4D9} = {6B37D2AC-6C6D-444F-8492-DA47118C7625}
		{03126F33-4289-4B37-9E51-2C36E298AA0A} = {99CDD04F-DFAB-46F3-8F43-ECBA51665848}
		{6F153C9D-84B4-4C54-A7C8-E75C2C0DA0F2} = {DED63B3E-03D2-4DDD-8229-F180A8E6515E}
		{EAB1CD23-BBA3-414F-8810-B04415E9C9BD} = {DED63B3E-03D2-4DDD-8229-F180A8E6515E}
		{2621A426-AFE4-4B6F-805F-66C533442076} = {DED63B3E-03D2-4DDD-8229-F180A8E6515E}
		{7B4606A7-77D0-42AA-91ED-B5B6963AD830} = {7A0D3583-5847-4CCE-A7AA-690C34127EE3}
		{6CAA27E5-E972-4BC5-938E-20AABE70B511} = {6B37D2AC-6C6D-444F-8492-DA47118C7625}
		{58275A23-9373-437F-BCB5-AB07B2AEC363} = {766C50F2-F336-43D3-94BA-4085A584B130}
		{B4063B6C-7E29-491A-9B13-9AB6867B0F99} = {DED63B3E-03D2-4DDD-8229-F180A8E6515E}
		{EEAC9F90-64E7-47BA-B557-020F2EBE02F3} = {6B37D2AC-6C6D-444F-8492-DA47118C7625}
		{EC29C4CD-911F-43A9-83AE-F294A31FADA5} = {DED63B3E-03D2-4DDD-8229-F180A8E6515E}
		{80FCBDA7-F00A-4546-931E-8E59BB7A1944} = {DED63B3E-03D2-4DDD-8229-F180A8E6515E}
		{2611F8B6-2A95-4DE4-BD29-E758EA1DDB47} = {DED63B3E-03D2-4DDD-8229-F180A8E6515E}
		{BA4EB5CB-E720-41BA-92AB-8DFAAD1BA32E} = {7A0D3583-5847-4CCE-A7AA-690C34127EE3}
		{F42A4450-C0FF-4C57-AEB0-A5EEF79F08AD} = {99CDD04F-DFAB-46F3-8F43-ECBA51665848}
		{DEB89CA1-08DE-4559-A7BA-995D526DC0A9} = {90CA5841-FE01-4326-9FF3-C097E2AB1C4E}
		{12936AB9-CD2D-4655-BFE3-894A4AA70F8C} = {DED63B3E-03D2-4DDD-8229-F180A8E6515E}
		{321277BA-1483-40B4-B658-44167C791E66} = {DED63B3E-03D2-4DDD-8229-F180A8E6515E}
		{CBFE4DE1-3A83-481E-9DF0-E231253E7A81} = {7A0D3583-5847-4CCE-A7AA-690C34127EE3}
		{7A346CFF-4B86-467D-B01B-7FD1A200C3E2} = {7A0D3583-5847-4CCE-A7AA-690C34127EE3}
		{7AFC6FBC-8256-46D7-B881-97F45FAE48F8} = {DED63B3E-03D2-4DDD-8229-F180A8E6515E}
		{FEDF2692-BD58-4AC6-9B02-FDF7F79EC17E} = {6B37D2AC-6C6D-444F-8492-DA47118C7625}
	EndGlobalSection
EndGlobal
