
Microsoft Visual Studio Solution File, Format Version 12.00
# Visual Studio 14
VisualStudioVersion = 14.0.25123.0
MinimumVisualStudioVersion = 10.0.40219.1
Project("{FAE04EC0-301F-11D3-BF4B-00C04F79EFBC}") = "CozyRSS", "..\src\Practice\CozyRSS\CozyRSS.csproj", "{053DAE7A-0C52-4EA2-B066-C797A0EB76B1}"
EndProject
Project("{FAE04EC0-301F-11D3-BF4B-00C04F79EFBC}") = "CozyRSS.Syndication", "..\src\Practice\CozyRSS.Syndication\CozyRSS.Syndication.csproj", "{D842C7EC-5A4A-4991-B156-ACB8BD85B435}"
EndProject
Global
	GlobalSection(SolutionConfigurationPlatforms) = preSolution
		Debug|Any CPU = Debug|Any CPU
		Release|Any CPU = Release|Any CPU
	EndGlobalSection
	GlobalSection(ProjectConfigurationPlatforms) = postSolution
		{053DAE7A-0C52-4EA2-B066-C797A0EB76B1}.Debug|Any CPU.ActiveCfg = Debug|Any CPU
		{053DAE7A-0C52-4EA2-B066-C797A0EB76B1}.Debug|Any CPU.Build.0 = Debug|Any CPU
		{053DAE7A-0C52-4EA2-B066-C797A0EB76B1}.Release|Any CPU.ActiveCfg = Release|Any CPU
		{053DAE7A-0C52-4EA2-B066-C797A0EB76B1}.Release|Any CPU.Build.0 = Release|Any CPU
		{D842C7EC-5A4A-4991-B156-ACB8BD85B435}.Debug|Any CPU.ActiveCfg = Debug|Any CPU
		{D842C7EC-5A4A-4991-B156-ACB8BD85B435}.Debug|Any CPU.Build.0 = Debug|Any CPU
		{D842C7EC-5A4A-4991-B156-ACB8BD85B435}.Release|Any CPU.ActiveCfg = Release|Any CPU
		{D842C7EC-5A4A-4991-B156-ACB8BD85B435}.Release|Any CPU.Build.0 = Release|Any CPU
	EndGlobalSection
	GlobalSection(SolutionProperties) = preSolution
		HideSolutionNode = FALSE
	EndGlobalSection
EndGlobal
