
Microsoft Visual Studio Solution File, Format Version 12.00
# Visual Studio 14
VisualStudioVersion = 14.0.25420.1
MinimumVisualStudioVersion = 10.0.40219.1
Project("{FAE04EC0-301F-11D3-BF4B-00C04F79EFBC}") = "CozyArce.FractalTree", "..\src\Practice\CozyArce.FractalTree\CozyArce.FractalTree.csproj", "{2E37B380-E463-40DB-B35E-1F1F35F7401E}"
EndProject
Project("{FAE04EC0-301F-11D3-BF4B-00C04F79EFBC}") = "CozyArce.Tree.Base", "..\src\Practice\CozyArce.Tree.Base\CozyArce.Tree.Base.csproj", "{319DAAD5-F691-4C61-B2F0-DEDC50F2BB85}"
EndProject
Project("{FAE04EC0-301F-11D3-BF4B-00C04F79EFBC}") = "CozyArce.Tree.Generator.Sample", "..\src\Practice\CozyArce.Tree.Generator.Sample\CozyArce.Tree.Generator.Sample.csproj", "{B30041F8-48AD-49C7-8D83-2AD17F5A2BA2}"
EndProject
Project("{FAE04EC0-301F-11D3-BF4B-00C04F79EFBC}") = "CozyArce.Tree.Render.Sample", "..\src\Practice\CozyArce.Tree.Render.Sample\CozyArce.Tree.Render.Sample.csproj", "{06904895-380E-4E99-8C2A-7CBC6D6AA465}"
EndProject
Project("{FAE04EC0-301F-11D3-BF4B-00C04F79EFBC}") = "CozyArce.Tree.Generator.SensitivePlant", "..\src\Practice\CozyArce.Tree.Generator.SensitivePlant\CozyArce.Tree.Generator.SensitivePlant.csproj", "{4E9F54C8-D302-4580-A1A8-D47C2A37326F}"
EndProject
Project("{FAE04EC0-301F-11D3-BF4B-00C04F79EFBC}") = "CozyArce.Tree.Generator.FlourishingTree", "..\src\Practice\CozyArce.Tree.Generator.FlourishingTree\CozyArce.Tree.Generator.FlourishingTree.csproj", "{213894E5-9CFA-4FAA-97A3-6FBD3D0B0551}"
EndProject
Project("{FAE04EC0-301F-11D3-BF4B-00C04F79EFBC}") = "CozyArce.Uwp.DrawingBoard", "..\src\Practice\CozyArce.Uwp.DrawingBoard\CozyArce.Uwp.DrawingBoard.csproj", "{B4F233F8-4D4B-4183-8B14-BD4816986628}"
EndProject
Project("{D954291E-2A0B-460D-934E-DC6B0785DB48}") = "CozyArce.Tree.Shared", "..\src\Practice\CozyArce.Tree.Shared\CozyArce.Tree.Shared.shproj", "{FF037DE7-622C-4515-9B35-119B54FBC84C}"
EndProject
Project("{D954291E-2A0B-460D-934E-DC6B0785DB48}") = "CozyArce.Tree.Generators", "..\src\Practice\CozyArce.Tree.Generators\CozyArce.Tree.Generators.shproj", "{B8DA5784-A5D2-43AB-97FD-0149C2E079FE}"
EndProject
Project("{D954291E-2A0B-460D-934E-DC6B0785DB48}") = "CozyArce.Tree.Renders", "..\src\Practice\CozyArce.Tree.Renders\CozyArce.Tree.Renders.shproj", "{E440913B-B87F-4FB1-BFAA-D2A84DB4FB3D}"
EndProject
Project("{2150E333-8FDC-42A3-9474-1A3956D46DE8}") = "Deprecated", "Deprecated", "{44669213-6A7B-4931-A1D8-0BDE26FBDB42}"
EndProject
Project("{FAE04EC0-301F-11D3-BF4B-00C04F79EFBC}") = "CozyArce.Tree.Generator.Sample2", "..\src\Practice\CozyArce.Tree.Generator.Sample2\CozyArce.Tree.Generator.Sample2.csproj", "{4589CCC7-2197-45C2-8E6D-CF3B17829357}"
EndProject
Global
	GlobalSection(SharedMSBuildProjectFiles) = preSolution
		..\src\Practice\CozyArce.Tree.Generators\CozyArce.Tree.Generators.projitems*{b4f233f8-4d4b-4183-8b14-bd4816986628}*SharedItemsImports = 4
		..\src\Practice\CozyArce.Tree.Renders\CozyArce.Tree.Renders.projitems*{b4f233f8-4d4b-4183-8b14-bd4816986628}*SharedItemsImports = 4
		..\src\Practice\CozyArce.Tree.Shared\CozyArce.Tree.Shared.projitems*{b4f233f8-4d4b-4183-8b14-bd4816986628}*SharedItemsImports = 4
		..\src\Practice\CozyArce.Tree.Generators\CozyArce.Tree.Generators.projitems*{b8da5784-a5d2-43ab-97fd-0149c2e079fe}*SharedItemsImports = 13
		..\src\Practice\CozyArce.Tree.Renders\CozyArce.Tree.Renders.projitems*{e440913b-b87f-4fb1-bfaa-d2a84db4fb3d}*SharedItemsImports = 13
		..\src\Practice\CozyArce.Tree.Shared\CozyArce.Tree.Shared.projitems*{ff037de7-622c-4515-9b35-119b54fbc84c}*SharedItemsImports = 13
	EndGlobalSection
	GlobalSection(SolutionConfigurationPlatforms) = preSolution
		Debug|Any CPU = Debug|Any CPU
		Debug|ARM = Debug|ARM
		Debug|x64 = Debug|x64
		Debug|x86 = Debug|x86
		Release|Any CPU = Release|Any CPU
		Release|ARM = Release|ARM
		Release|x64 = Release|x64
		Release|x86 = Release|x86
	EndGlobalSection
	GlobalSection(ProjectConfigurationPlatforms) = postSolution
		{2E37B380-E463-40DB-B35E-1F1F35F7401E}.Debug|Any CPU.ActiveCfg = Debug|Any CPU
		{2E37B380-E463-40DB-B35E-1F1F35F7401E}.Debug|Any CPU.Build.0 = Debug|Any CPU
		{2E37B380-E463-40DB-B35E-1F1F35F7401E}.Debug|ARM.ActiveCfg = Debug|Any CPU
		{2E37B380-E463-40DB-B35E-1F1F35F7401E}.Debug|ARM.Build.0 = Debug|Any CPU
		{2E37B380-E463-40DB-B35E-1F1F35F7401E}.Debug|x64.ActiveCfg = Debug|Any CPU
		{2E37B380-E463-40DB-B35E-1F1F35F7401E}.Debug|x64.Build.0 = Debug|Any CPU
		{2E37B380-E463-40DB-B35E-1F1F35F7401E}.Debug|x86.ActiveCfg = Debug|Any CPU
		{2E37B380-E463-40DB-B35E-1F1F35F7401E}.Debug|x86.Build.0 = Debug|Any CPU
		{2E37B380-E463-40DB-B35E-1F1F35F7401E}.Release|Any CPU.ActiveCfg = Release|Any CPU
		{2E37B380-E463-40DB-B35E-1F1F35F7401E}.Release|Any CPU.Build.0 = Release|Any CPU
		{2E37B380-E463-40DB-B35E-1F1F35F7401E}.Release|ARM.ActiveCfg = Release|Any CPU
		{2E37B380-E463-40DB-B35E-1F1F35F7401E}.Release|ARM.Build.0 = Release|Any CPU
		{2E37B380-E463-40DB-B35E-1F1F35F7401E}.Release|x64.ActiveCfg = Release|Any CPU
		{2E37B380-E463-40DB-B35E-1F1F35F7401E}.Release|x64.Build.0 = Release|Any CPU
		{2E37B380-E463-40DB-B35E-1F1F35F7401E}.Release|x86.ActiveCfg = Release|Any CPU
		{2E37B380-E463-40DB-B35E-1F1F35F7401E}.Release|x86.Build.0 = Release|Any CPU
		{319DAAD5-F691-4C61-B2F0-DEDC50F2BB85}.Debug|Any CPU.ActiveCfg = Debug|Any CPU
		{319DAAD5-F691-4C61-B2F0-DEDC50F2BB85}.Debug|Any CPU.Build.0 = Debug|Any CPU
		{319DAAD5-F691-4C61-B2F0-DEDC50F2BB85}.Debug|ARM.ActiveCfg = Debug|Any CPU
		{319DAAD5-F691-4C61-B2F0-DEDC50F2BB85}.Debug|ARM.Build.0 = Debug|Any CPU
		{319DAAD5-F691-4C61-B2F0-DEDC50F2BB85}.Debug|x64.ActiveCfg = Debug|Any CPU
		{319DAAD5-F691-4C61-B2F0-DEDC50F2BB85}.Debug|x64.Build.0 = Debug|Any CPU
		{319DAAD5-F691-4C61-B2F0-DEDC50F2BB85}.Debug|x86.ActiveCfg = Debug|Any CPU
		{319DAAD5-F691-4C61-B2F0-DEDC50F2BB85}.Debug|x86.Build.0 = Debug|Any CPU
		{319DAAD5-F691-4C61-B2F0-DEDC50F2BB85}.Release|Any CPU.ActiveCfg = Release|Any CPU
		{319DAAD5-F691-4C61-B2F0-DEDC50F2BB85}.Release|Any CPU.Build.0 = Release|Any CPU
		{319DAAD5-F691-4C61-B2F0-DEDC50F2BB85}.Release|ARM.ActiveCfg = Release|Any CPU
		{319DAAD5-F691-4C61-B2F0-DEDC50F2BB85}.Release|ARM.Build.0 = Release|Any CPU
		{319DAAD5-F691-4C61-B2F0-DEDC50F2BB85}.Release|x64.ActiveCfg = Release|Any CPU
		{319DAAD5-F691-4C61-B2F0-DEDC50F2BB85}.Release|x64.Build.0 = Release|Any CPU
		{319DAAD5-F691-4C61-B2F0-DEDC50F2BB85}.Release|x86.ActiveCfg = Release|Any CPU
		{319DAAD5-F691-4C61-B2F0-DEDC50F2BB85}.Release|x86.Build.0 = Release|Any CPU
		{B30041F8-48AD-49C7-8D83-2AD17F5A2BA2}.Debug|Any CPU.ActiveCfg = Debug|Any CPU
		{B30041F8-48AD-49C7-8D83-2AD17F5A2BA2}.Debug|Any CPU.Build.0 = Debug|Any CPU
		{B30041F8-48AD-49C7-8D83-2AD17F5A2BA2}.Debug|ARM.ActiveCfg = Debug|Any CPU
		{B30041F8-48AD-49C7-8D83-2AD17F5A2BA2}.Debug|ARM.Build.0 = Debug|Any CPU
		{B30041F8-48AD-49C7-8D83-2AD17F5A2BA2}.Debug|x64.ActiveCfg = Debug|Any CPU
		{B30041F8-48AD-49C7-8D83-2AD17F5A2BA2}.Debug|x64.Build.0 = Debug|Any CPU
		{B30041F8-48AD-49C7-8D83-2AD17F5A2BA2}.Debug|x86.ActiveCfg = Debug|Any CPU
		{B30041F8-48AD-49C7-8D83-2AD17F5A2BA2}.Debug|x86.Build.0 = Debug|Any CPU
		{B30041F8-48AD-49C7-8D83-2AD17F5A2BA2}.Release|Any CPU.ActiveCfg = Release|Any CPU
		{B30041F8-48AD-49C7-8D83-2AD17F5A2BA2}.Release|Any CPU.Build.0 = Release|Any CPU
		{B30041F8-48AD-49C7-8D83-2AD17F5A2BA2}.Release|ARM.ActiveCfg = Release|Any CPU
		{B30041F8-48AD-49C7-8D83-2AD17F5A2BA2}.Release|ARM.Build.0 = Release|Any CPU
		{B30041F8-48AD-49C7-8D83-2AD17F5A2BA2}.Release|x64.ActiveCfg = Release|Any CPU
		{B30041F8-48AD-49C7-8D83-2AD17F5A2BA2}.Release|x64.Build.0 = Release|Any CPU
		{B30041F8-48AD-49C7-8D83-2AD17F5A2BA2}.Release|x86.ActiveCfg = Release|Any CPU
		{B30041F8-48AD-49C7-8D83-2AD17F5A2BA2}.Release|x86.Build.0 = Release|Any CPU
		{06904895-380E-4E99-8C2A-7CBC6D6AA465}.Debug|Any CPU.ActiveCfg = Debug|Any CPU
		{06904895-380E-4E99-8C2A-7CBC6D6AA465}.Debug|Any CPU.Build.0 = Debug|Any CPU
		{06904895-380E-4E99-8C2A-7CBC6D6AA465}.Debug|ARM.ActiveCfg = Debug|Any CPU
		{06904895-380E-4E99-8C2A-7CBC6D6AA465}.Debug|ARM.Build.0 = Debug|Any CPU
		{06904895-380E-4E99-8C2A-7CBC6D6AA465}.Debug|x64.ActiveCfg = Debug|Any CPU
		{06904895-380E-4E99-8C2A-7CBC6D6AA465}.Debug|x64.Build.0 = Debug|Any CPU
		{06904895-380E-4E99-8C2A-7CBC6D6AA465}.Debug|x86.ActiveCfg = Debug|Any CPU
		{06904895-380E-4E99-8C2A-7CBC6D6AA465}.Debug|x86.Build.0 = Debug|Any CPU
		{06904895-380E-4E99-8C2A-7CBC6D6AA465}.Release|Any CPU.ActiveCfg = Release|Any CPU
		{06904895-380E-4E99-8C2A-7CBC6D6AA465}.Release|Any CPU.Build.0 = Release|Any CPU
		{06904895-380E-4E99-8C2A-7CBC6D6AA465}.Release|ARM.ActiveCfg = Release|Any CPU
		{06904895-380E-4E99-8C2A-7CBC6D6AA465}.Release|ARM.Build.0 = Release|Any CPU
		{06904895-380E-4E99-8C2A-7CBC6D6AA465}.Release|x64.ActiveCfg = Release|Any CPU
		{06904895-380E-4E99-8C2A-7CBC6D6AA465}.Release|x64.Build.0 = Release|Any CPU
		{06904895-380E-4E99-8C2A-7CBC6D6AA465}.Release|x86.ActiveCfg = Release|Any CPU
		{06904895-380E-4E99-8C2A-7CBC6D6AA465}.Release|x86.Build.0 = Release|Any CPU
		{4E9F54C8-D302-4580-A1A8-D47C2A37326F}.Debug|Any CPU.ActiveCfg = Debug|Any CPU
		{4E9F54C8-D302-4580-A1A8-D47C2A37326F}.Debug|Any CPU.Build.0 = Debug|Any CPU
		{4E9F54C8-D302-4580-A1A8-D47C2A37326F}.Debug|ARM.ActiveCfg = Debug|Any CPU
		{4E9F54C8-D302-4580-A1A8-D47C2A37326F}.Debug|ARM.Build.0 = Debug|Any CPU
		{4E9F54C8-D302-4580-A1A8-D47C2A37326F}.Debug|x64.ActiveCfg = Debug|Any CPU
		{4E9F54C8-D302-4580-A1A8-D47C2A37326F}.Debug|x64.Build.0 = Debug|Any CPU
		{4E9F54C8-D302-4580-A1A8-D47C2A37326F}.Debug|x86.ActiveCfg = Debug|Any CPU
		{4E9F54C8-D302-4580-A1A8-D47C2A37326F}.Debug|x86.Build.0 = Debug|Any CPU
		{4E9F54C8-D302-4580-A1A8-D47C2A37326F}.Release|Any CPU.ActiveCfg = Release|Any CPU
		{4E9F54C8-D302-4580-A1A8-D47C2A37326F}.Release|Any CPU.Build.0 = Release|Any CPU
		{4E9F54C8-D302-4580-A1A8-D47C2A37326F}.Release|ARM.ActiveCfg = Release|Any CPU
		{4E9F54C8-D302-4580-A1A8-D47C2A37326F}.Release|ARM.Build.0 = Release|Any CPU
		{4E9F54C8-D302-4580-A1A8-D47C2A37326F}.Release|x64.ActiveCfg = Release|Any CPU
		{4E9F54C8-D302-4580-A1A8-D47C2A37326F}.Release|x64.Build.0 = Release|Any CPU
		{4E9F54C8-D302-4580-A1A8-D47C2A37326F}.Release|x86.ActiveCfg = Release|Any CPU
		{4E9F54C8-D302-4580-A1A8-D47C2A37326F}.Release|x86.Build.0 = Release|Any CPU
		{213894E5-9CFA-4FAA-97A3-6FBD3D0B0551}.Debug|Any CPU.ActiveCfg = Debug|Any CPU
		{213894E5-9CFA-4FAA-97A3-6FBD3D0B0551}.Debug|Any CPU.Build.0 = Debug|Any CPU
		{213894E5-9CFA-4FAA-97A3-6FBD3D0B0551}.Debug|ARM.ActiveCfg = Debug|Any CPU
		{213894E5-9CFA-4FAA-97A3-6FBD3D0B0551}.Debug|ARM.Build.0 = Debug|Any CPU
		{213894E5-9CFA-4FAA-97A3-6FBD3D0B0551}.Debug|x64.ActiveCfg = Debug|Any CPU
		{213894E5-9CFA-4FAA-97A3-6FBD3D0B0551}.Debug|x64.Build.0 = Debug|Any CPU
		{213894E5-9CFA-4FAA-97A3-6FBD3D0B0551}.Debug|x86.ActiveCfg = Debug|Any CPU
		{213894E5-9CFA-4FAA-97A3-6FBD3D0B0551}.Debug|x86.Build.0 = Debug|Any CPU
		{213894E5-9CFA-4FAA-97A3-6FBD3D0B0551}.Release|Any CPU.ActiveCfg = Release|Any CPU
		{213894E5-9CFA-4FAA-97A3-6FBD3D0B0551}.Release|Any CPU.Build.0 = Release|Any CPU
		{213894E5-9CFA-4FAA-97A3-6FBD3D0B0551}.Release|ARM.ActiveCfg = Release|Any CPU
		{213894E5-9CFA-4FAA-97A3-6FBD3D0B0551}.Release|ARM.Build.0 = Release|Any CPU
		{213894E5-9CFA-4FAA-97A3-6FBD3D0B0551}.Release|x64.ActiveCfg = Release|Any CPU
		{213894E5-9CFA-4FAA-97A3-6FBD3D0B0551}.Release|x64.Build.0 = Release|Any CPU
		{213894E5-9CFA-4FAA-97A3-6FBD3D0B0551}.Release|x86.ActiveCfg = Release|Any CPU
		{213894E5-9CFA-4FAA-97A3-6FBD3D0B0551}.Release|x86.Build.0 = Release|Any CPU
		{B4F233F8-4D4B-4183-8B14-BD4816986628}.Debug|Any CPU.ActiveCfg = Debug|x86
		{B4F233F8-4D4B-4183-8B14-BD4816986628}.Debug|ARM.ActiveCfg = Debug|ARM
		{B4F233F8-4D4B-4183-8B14-BD4816986628}.Debug|ARM.Build.0 = Debug|ARM
		{B4F233F8-4D4B-4183-8B14-BD4816986628}.Debug|ARM.Deploy.0 = Debug|ARM
		{B4F233F8-4D4B-4183-8B14-BD4816986628}.Debug|x64.ActiveCfg = Debug|x64
		{B4F233F8-4D4B-4183-8B14-BD4816986628}.Debug|x64.Build.0 = Debug|x64
		{B4F233F8-4D4B-4183-8B14-BD4816986628}.Debug|x64.Deploy.0 = Debug|x64
		{B4F233F8-4D4B-4183-8B14-BD4816986628}.Debug|x86.ActiveCfg = Debug|x86
		{B4F233F8-4D4B-4183-8B14-BD4816986628}.Debug|x86.Build.0 = Debug|x86
		{B4F233F8-4D4B-4183-8B14-BD4816986628}.Debug|x86.Deploy.0 = Debug|x86
		{B4F233F8-4D4B-4183-8B14-BD4816986628}.Release|Any CPU.ActiveCfg = Release|x86
		{B4F233F8-4D4B-4183-8B14-BD4816986628}.Release|ARM.ActiveCfg = Release|ARM
		{B4F233F8-4D4B-4183-8B14-BD4816986628}.Release|ARM.Build.0 = Release|ARM
		{B4F233F8-4D4B-4183-8B14-BD4816986628}.Release|ARM.Deploy.0 = Release|ARM
		{B4F233F8-4D4B-4183-8B14-BD4816986628}.Release|x64.ActiveCfg = Release|x64
		{B4F233F8-4D4B-4183-8B14-BD4816986628}.Release|x64.Build.0 = Release|x64
		{B4F233F8-4D4B-4183-8B14-BD4816986628}.Release|x64.Deploy.0 = Release|x64
		{B4F233F8-4D4B-4183-8B14-BD4816986628}.Release|x86.ActiveCfg = Release|x86
		{B4F233F8-4D4B-4183-8B14-BD4816986628}.Release|x86.Build.0 = Release|x86
		{B4F233F8-4D4B-4183-8B14-BD4816986628}.Release|x86.Deploy.0 = Release|x86
		{4589CCC7-2197-45C2-8E6D-CF3B17829357}.Debug|Any CPU.ActiveCfg = Debug|Any CPU
		{4589CCC7-2197-45C2-8E6D-CF3B17829357}.Debug|Any CPU.Build.0 = Debug|Any CPU
		{4589CCC7-2197-45C2-8E6D-CF3B17829357}.Debug|ARM.ActiveCfg = Debug|Any CPU
		{4589CCC7-2197-45C2-8E6D-CF3B17829357}.Debug|ARM.Build.0 = Debug|Any CPU
		{4589CCC7-2197-45C2-8E6D-CF3B17829357}.Debug|x64.ActiveCfg = Debug|Any CPU
		{4589CCC7-2197-45C2-8E6D-CF3B17829357}.Debug|x64.Build.0 = Debug|Any CPU
		{4589CCC7-2197-45C2-8E6D-CF3B17829357}.Debug|x86.ActiveCfg = Debug|Any CPU
		{4589CCC7-2197-45C2-8E6D-CF3B17829357}.Debug|x86.Build.0 = Debug|Any CPU
		{4589CCC7-2197-45C2-8E6D-CF3B17829357}.Release|Any CPU.ActiveCfg = Release|Any CPU
		{4589CCC7-2197-45C2-8E6D-CF3B17829357}.Release|Any CPU.Build.0 = Release|Any CPU
		{4589CCC7-2197-45C2-8E6D-CF3B17829357}.Release|ARM.ActiveCfg = Release|Any CPU
		{4589CCC7-2197-45C2-8E6D-CF3B17829357}.Release|ARM.Build.0 = Release|Any CPU
		{4589CCC7-2197-45C2-8E6D-CF3B17829357}.Release|x64.ActiveCfg = Release|Any CPU
		{4589CCC7-2197-45C2-8E6D-CF3B17829357}.Release|x64.Build.0 = Release|Any CPU
		{4589CCC7-2197-45C2-8E6D-CF3B17829357}.Release|x86.ActiveCfg = Release|Any CPU
		{4589CCC7-2197-45C2-8E6D-CF3B17829357}.Release|x86.Build.0 = Release|Any CPU
	EndGlobalSection
	GlobalSection(SolutionProperties) = preSolution
		HideSolutionNode = FALSE
	EndGlobalSection
	GlobalSection(NestedProjects) = preSolution
		{2E37B380-E463-40DB-B35E-1F1F35F7401E} = {44669213-6A7B-4931-A1D8-0BDE26FBDB42}
		{319DAAD5-F691-4C61-B2F0-DEDC50F2BB85} = {44669213-6A7B-4931-A1D8-0BDE26FBDB42}
		{B30041F8-48AD-49C7-8D83-2AD17F5A2BA2} = {44669213-6A7B-4931-A1D8-0BDE26FBDB42}
		{06904895-380E-4E99-8C2A-7CBC6D6AA465} = {44669213-6A7B-4931-A1D8-0BDE26FBDB42}
		{4E9F54C8-D302-4580-A1A8-D47C2A37326F} = {44669213-6A7B-4931-A1D8-0BDE26FBDB42}
		{213894E5-9CFA-4FAA-97A3-6FBD3D0B0551} = {44669213-6A7B-4931-A1D8-0BDE26FBDB42}
		{4589CCC7-2197-45C2-8E6D-CF3B17829357} = {44669213-6A7B-4931-A1D8-0BDE26FBDB42}
	EndGlobalSection
EndGlobal
