
Microsoft Visual Studio Solution File, Format Version 12.00
# Visual Studio 14
VisualStudioVersion = 14.0.23107.0
MinimumVisualStudioVersion = 10.0.40219.1
Project("{2150E333-8FDC-42A3-9474-1A3956D46DE8}") = "Exe", "Exe", "{0802395F-CEE7-444A-885E-3333704A5A20}"
EndProject
Project("{FAE04EC0-301F-11D3-BF4B-00C04F79EFBC}") = "CozyCrawler.Interface", "..\src\Practice\CozyCrawler.Interface\CozyCrawler.Interface.csproj", "{873F9083-84C8-4715-A931-24EF7A7EBB57}"
EndProject
Project("{FAE04EC0-301F-11D3-BF4B-00C04F79EFBC}") = "CozyCrawler.Model", "..\src\Practice\CozyCrawler.Model\CozyCrawler.Model.csproj", "{451A7AE0-1442-46A5-83BA-BEAC6EFA0AB9}"
EndProject
Project("{FAE04EC0-301F-11D3-BF4B-00C04F79EFBC}") = "CozyCrawler.Core", "..\src\Practice\CozyCrawler.Core\CozyCrawler.Core.csproj", "{381F774D-3BB7-41FA-8D0F-946ADBC46219}"
EndProject
Project("{2150E333-8FDC-42A3-9474-1A3956D46DE8}") = "Component", "Component", "{A8B933F2-6453-4AAD-8C05-1FC1CCACA457}"
EndProject
Project("{FAE04EC0-301F-11D3-BF4B-00C04F79EFBC}") = "CozyCrawler.Sample1", "..\src\Practice\CozyCrawler.Sample1\CozyCrawler.Sample1.csproj", "{23271DBF-86EB-47FD-8FA8-34B85C65CA11}"
EndProject
Project("{FAE04EC0-301F-11D3-BF4B-00C04F79EFBC}") = "CozyCrawler.Sample12306", "..\src\Practice\CozyCrawler.Sample12306\CozyCrawler.Sample12306.csproj", "{3AE56EC6-711D-462A-9AA6-8C3F4AF2DA3E}"
EndProject
Global
	GlobalSection(SolutionConfigurationPlatforms) = preSolution
		Debug|Any CPU = Debug|Any CPU
		Release|Any CPU = Release|Any CPU
	EndGlobalSection
	GlobalSection(ProjectConfigurationPlatforms) = postSolution
		{873F9083-84C8-4715-A931-24EF7A7EBB57}.Debug|Any CPU.ActiveCfg = Debug|Any CPU
		{873F9083-84C8-4715-A931-24EF7A7EBB57}.Debug|Any CPU.Build.0 = Debug|Any CPU
		{873F9083-84C8-4715-A931-24EF7A7EBB57}.Release|Any CPU.ActiveCfg = Release|Any CPU
		{873F9083-84C8-4715-A931-24EF7A7EBB57}.Release|Any CPU.Build.0 = Release|Any CPU
		{451A7AE0-1442-46A5-83BA-BEAC6EFA0AB9}.Debug|Any CPU.ActiveCfg = Debug|Any CPU
		{451A7AE0-1442-46A5-83BA-BEAC6EFA0AB9}.Debug|Any CPU.Build.0 = Debug|Any CPU
		{451A7AE0-1442-46A5-83BA-BEAC6EFA0AB9}.Release|Any CPU.ActiveCfg = Release|Any CPU
		{451A7AE0-1442-46A5-83BA-BEAC6EFA0AB9}.Release|Any CPU.Build.0 = Release|Any CPU
		{381F774D-3BB7-41FA-8D0F-946ADBC46219}.Debug|Any CPU.ActiveCfg = Debug|Any CPU
		{381F774D-3BB7-41FA-8D0F-946ADBC46219}.Debug|Any CPU.Build.0 = Debug|Any CPU
		{381F774D-3BB7-41FA-8D0F-946ADBC46219}.Release|Any CPU.ActiveCfg = Release|Any CPU
		{381F774D-3BB7-41FA-8D0F-946ADBC46219}.Release|Any CPU.Build.0 = Release|Any CPU
		{23271DBF-86EB-47FD-8FA8-34B85C65CA11}.Debug|Any CPU.ActiveCfg = Debug|Any CPU
		{23271DBF-86EB-47FD-8FA8-34B85C65CA11}.Debug|Any CPU.Build.0 = Debug|Any CPU
		{23271DBF-86EB-47FD-8FA8-34B85C65CA11}.Release|Any CPU.ActiveCfg = Release|Any CPU
		{23271DBF-86EB-47FD-8FA8-34B85C65CA11}.Release|Any CPU.Build.0 = Release|Any CPU
		{3AE56EC6-711D-462A-9AA6-8C3F4AF2DA3E}.Debug|Any CPU.ActiveCfg = Debug|Any CPU
		{3AE56EC6-711D-462A-9AA6-8C3F4AF2DA3E}.Debug|Any CPU.Build.0 = Debug|Any CPU
		{3AE56EC6-711D-462A-9AA6-8C3F4AF2DA3E}.Release|Any CPU.ActiveCfg = Release|Any CPU
		{3AE56EC6-711D-462A-9AA6-8C3F4AF2DA3E}.Release|Any CPU.Build.0 = Release|Any CPU
	EndGlobalSection
	GlobalSection(SolutionProperties) = preSolution
		HideSolutionNode = FALSE
	EndGlobalSection
	GlobalSection(NestedProjects) = preSolution
		{23271DBF-86EB-47FD-8FA8-34B85C65CA11} = {0802395F-CEE7-444A-885E-3333704A5A20}
		{3AE56EC6-711D-462A-9AA6-8C3F4AF2DA3E} = {0802395F-CEE7-444A-885E-3333704A5A20}
	EndGlobalSection
EndGlobal
